
Microsoft Visual Studio Solution File, Format Version 12.00
# Visual Studio Version 16
VisualStudioVersion = 16.0.30114.105
MinimumVisualStudioVersion = 10.0.40219.1
Project("{9A19103F-16F7-4668-BE54-9A1E7A4F7556}") = "CursoCSharp_1", "CursoCSharp_1\CursoCSharp_1.csproj", "{59CF8276-1A5B-447C-BCA7-4F517C60680E}"
EndProject
Project("{9A19103F-16F7-4668-BE54-9A1E7A4F7556}") = "CursoCSharp_8_while", "CursoCSharp_8_while\CursoCSharp_8_while.csproj", "{5AB4826F-EA94-441A-B332-724752E81E49}"
EndProject
Project("{9A19103F-16F7-4668-BE54-9A1E7A4F7556}") = "CursoCSharp_2_variables", "CursoCSharp_2_variables\CursoCSharp_2_variables.csproj", "{5C4762AD-786E-4B6A-9E47-345E18DF0E4E}"
EndProject
Project("{9A19103F-16F7-4668-BE54-9A1E7A4F7556}") = "CursoCSharp_3_Nomenclatura", "CursoCSharp_3_Nomenclatura\CursoCSharp_3_Nomenclatura.csproj", "{5E710851-0DF3-43C2-A9E6-7D57C5B37796}"
EndProject
Project("{9A19103F-16F7-4668-BE54-9A1E7A4F7556}") = "CursoCSharp_4_constantes", "CursoCSharp_4_constantes\CursoCSharp_4_constantes.csproj", "{15902DCC-7063-4851-8F12-F8612EA29CFC}"
EndProject
Project("{9A19103F-16F7-4668-BE54-9A1E7A4F7556}") = "CursoCSharp_if_else", "CursoCSharp_if_else\CursoCSharp_if_else.csproj", "{E2AAF491-3E10-40CA-865B-99327FBAF4CD}"
EndProject
Project("{9A19103F-16F7-4668-BE54-9A1E7A4F7556}") = "CursoCSharp_6_switch", "CursoCSharp_6_switch\CursoCSharp_6_switch.csproj", "{465C3DE6-AB4A-4C17-A610-F181FEC12605}"
EndProject
Project("{9A19103F-16F7-4668-BE54-9A1E7A4F7556}") = "CursoCSharp_7_do", "CursoCSharp_7_do\CursoCSharp_7_do.csproj", "{EAFE0945-FAFB-44C5-B69D-6125483507A3}"
EndProject
Project("{9A19103F-16F7-4668-BE54-9A1E7A4F7556}") = "CursoCSharp_9_for", "CursoCSharp_9_for\CursoCSharp_9_for.csproj", "{A8B0C10D-2C07-47A6-BCE2-D5FFE55390BA}"
EndProject
Project("{9A19103F-16F7-4668-BE54-9A1E7A4F7556}") = "CursoCSharp_10_foreach", "CursoCSharp_10_foreach\CursoCSharp_10_foreach.csproj", "{35038ACD-6288-4588-A05C-5F441C956804}"
EndProject
Project("{9A19103F-16F7-4668-BE54-9A1E7A4F7556}") = "CursoCSharp_11_operadores", "CursoCSharp_11_operadores\CursoCSharp_11_operadores.csproj", "{F3E0F4C1-189E-4F6B-B7A2-1DF089F74C2F}"
EndProject
Project("{9A19103F-16F7-4668-BE54-9A1E7A4F7556}") = "CursoCSharp_12_leyendo_argumentos", "CursoCSharp_12_leyendo_argumentos\CursoCSharp_12_leyendo_argumentos.csproj", "{27772AB8-460C-4C96-8103-0DAA03F8CC6E}"
EndProject
Project("{9A19103F-16F7-4668-BE54-9A1E7A4F7556}") = "CursoCSharp_13_arrays", "CursoCSharp_13_arrays\CursoCSharp_13_arrays.csproj", "{8D483C28-9D91-411D-AC90-1DB33D1100BC}"
EndProject
Project("{9A19103F-16F7-4668-BE54-9A1E7A4F7556}") = "CursoCSharp_14_conversiones_tipo", "CursoCSharp_14_conversiones_tipo\CursoCSharp_14_conversiones_tipo.csproj", "{C41F583E-24BA-4B74-BB86-FCB15696E2B7}"
EndProject
Project("{9A19103F-16F7-4668-BE54-9A1E7A4F7556}") = "CursoCSharp_ejercicios", "CursoCSharp_ejercicios\CursoCSharp_ejercicios.csproj", "{FA31CAF8-F2FE-410D-B797-CAAAB9DA7510}"
EndProject
Project("{2150E333-8FDC-42A3-9474-1A3956D46DE8}") = "Metodos y funciones", "Metodos y funciones", "{F6E7C76B-6521-4A9C-9CE3-1C942CCF84E5}"
EndProject
Project("{2150E333-8FDC-42A3-9474-1A3956D46DE8}") = "Introduccion a C Sharp", "Introduccion a C Sharp", "{8E114553-1494-4BC5-A514-1403E820AA06}"
EndProject
Project("{9A19103F-16F7-4668-BE54-9A1E7A4F7556}") = "CursoCSharp_1_metodos", "CursoCSharp_metodos\CursoCSharp_1_metodos.csproj", "{F35386D6-9EDA-41B5-B274-3A41F209387F}"
EndProject
Project("{9A19103F-16F7-4668-BE54-9A1E7A4F7556}") = "CursoCSharp_2_procedimientos _funciones", "CursoCSharp_2_procedimientos _funciones\CursoCSharp_2_procedimientos _funciones.csproj", "{3101EAE8-A4B1-400E-A6E2-1B7A1EFCBF35}"
EndProject
Project("{9A19103F-16F7-4668-BE54-9A1E7A4F7556}") = "CursoCSharp_3_funciones", "CursoCSharp3_funciones\CursoCSharp_3_funciones.csproj", "{420995CB-52E2-4069-B564-0947060586AC}"
EndProject
Project("{9A19103F-16F7-4668-BE54-9A1E7A4F7556}") = "CursoCSharp_4_Paso_valor_referencia", "CursoCSharp_4_Paso_valor_referencia\CursoCSharp_4_Paso_valor_referencia.csproj", "{055301D4-AADD-4FE5-8410-159BD51E6B94}"
EndProject
Project("{9A19103F-16F7-4668-BE54-9A1E7A4F7556}") = "CursoCSharp_5_funciones_locales", "CursoCSharp_5_funciones_locales\CursoCSharp_5_funciones_locales.csproj", "{A56E43B3-4610-45B3-A28C-3D54D66CD25B}"
EndProject
Project("{9A19103F-16F7-4668-BE54-9A1E7A4F7556}") = "CursoCSharp_6_ejemplo_funciones", "CursoCSharp_6_ejemplo_funciones\CursoCSharp_6_ejemplo_funciones.csproj", "{9EA30B5E-5D42-4699-A0F2-EB56892CF0AC}"
EndProject
Project("{2150E333-8FDC-42A3-9474-1A3956D46DE8}") = "Cadenas", "Cadenas", "{A17F524B-0378-4D9F-9855-4736A8ED88B3}"
EndProject
Project("{9A19103F-16F7-4668-BE54-9A1E7A4F7556}") = "CursoCSharp_1_cadenas", "CursoCSharp_1_cadenas\CursoCSharp_1_cadenas.csproj", "{EDAE349C-3B63-471A-B18F-73FB0E4B144A}"
EndProject
Project("{9A19103F-16F7-4668-BE54-9A1E7A4F7556}") = "CursoCSharp_2_formato_fecha", "CursoCSharp_2_formato_fecha\CursoCSharp_2_formato_fecha.csproj", "{B4FB7BFF-BD5E-40D0-9060-93688CE75C50}"
EndProject
Project("{9A19103F-16F7-4668-BE54-9A1E7A4F7556}") = "CursoCSharp_3_concatenar_cadenas", "CursoCSharp_3_concatenar_cadenas\CursoCSharp_3_concatenar_cadenas.csproj", "{9BB84729-E34E-4723-89FF-6D5DC4FE9030}"
EndProject
Project("{9A19103F-16F7-4668-BE54-9A1E7A4F7556}") = "CursoCSharp_4_stringbuilder", "CursoCSharp_4_stringbuilder\CursoCSharp_4_stringbuilder.csproj", "{8F56F14D-A37F-4CD6-BAF9-66D1F136AE4D}"
EndProject
Project("{9A19103F-16F7-4668-BE54-9A1E7A4F7556}") = "CursoCSharp_5_operaciones_cadenas", "CursoCSharp_5_operaciones_cadenas\CursoCSharp_5_operaciones_cadenas.csproj", "{1A221B54-99A0-452B-9D45-C6C657595457}"
EndProject
Project("{2150E333-8FDC-42A3-9474-1A3956D46DE8}") = "Colecciones", "Colecciones", "{FA57C847-DAF0-498A-AE1B-8E18E0FDD9FE}"
EndProject
Project("{9A19103F-16F7-4668-BE54-9A1E7A4F7556}") = "CursoCSharp_1_colecciones", "CursoCSharp_1_colecciones\CursoCSharp_1_colecciones.csproj", "{1C7AA27B-71D7-45AC-A876-CAF02CF6F40D}"
EndProject
Project("{9A19103F-16F7-4668-BE54-9A1E7A4F7556}") = "CursoCSharp_2_arraylist", "CursoCSharp_2_arraylist\CursoCSharp_2_arraylist.csproj", "{E363ABD3-DCA1-4994-A538-9B50524EFD4A}"
EndProject
Project("{9A19103F-16F7-4668-BE54-9A1E7A4F7556}") = "CursoCSharp_3_pila", "CursoCSharp_3_pila\CursoCSharp_3_pila.csproj", "{EE69B241-8DD3-4307-A086-AEDC71091066}"
EndProject
Project("{9A19103F-16F7-4668-BE54-9A1E7A4F7556}") = "CursoCSharp_4_queue", "CursoCSharp_4_queue\CursoCSharp_4_queue.csproj", "{11B8D59C-8691-4CEC-BD4B-B964E0205EE9}"
EndProject
Project("{9A19103F-16F7-4668-BE54-9A1E7A4F7556}") = "CursoCSharp_5_hashtable", "CursoCSharp_5_hashtable\CursoCSharp_5_hashtable.csproj", "{22E52C20-A6F4-4B0E-AA68-410BC0231492}"
EndProject
Project("{2150E333-8FDC-42A3-9474-1A3956D46DE8}") = "Programacion Orientada a Objetos", "Programacion Orientada a Objetos", "{0F7CEC04-6427-4479-8722-56F01C5D7E61}"
EndProject
Project("{9A19103F-16F7-4668-BE54-9A1E7A4F7556}") = "CursoCSharp_1_clases_objetos", "CursoCSharp_1_clases_objetos\CursoCSharp_1_clases_objetos.csproj", "{7C90A9A2-B578-4F60-967A-7F8BBC574CD2}"
EndProject
Project("{9A19103F-16F7-4668-BE54-9A1E7A4F7556}") = "CursoCSharp_2_abstraccion", "CursoCSharp_2_abstraccion\CursoCSharp_2_abstraccion.csproj", "{B2D208DA-0791-4AD4-A357-72D343B36A30}"
EndProject
Project("{9A19103F-16F7-4668-BE54-9A1E7A4F7556}") = "CursoCSharp_4_encapsulacion", "CursoCSharp_4_encapsulacion\CursoCSharp_4_encapsulacion.csproj", "{F42709BF-1FB3-4121-9C4D-841E7D341DF9}"
EndProject
Project("{9A19103F-16F7-4668-BE54-9A1E7A4F7556}") = "CursoCSharp_5_herencia", "CursoCSharp_5_herencia\CursoCSharp_5_herencia.csproj", "{2DBE808C-A559-4F50-8BD5-37176783ED1D}"
EndProject
Project("{9A19103F-16F7-4668-BE54-9A1E7A4F7556}") = "CursoCSharp_6_polimorfismo", "CursoCSharp_6_polimorfismo\CursoCSharp_6_polimorfismo.csproj", "{8EE52E37-211E-407B-9F47-2670914818B6}"
EndProject
Project("{2150E333-8FDC-42A3-9474-1A3956D46DE8}") = "Clases", "Clases", "{3132621C-44F8-4C3B-B830-27E46B1A2637}"
EndProject
Project("{9A19103F-16F7-4668-BE54-9A1E7A4F7556}") = "CursoCSharp_1_clases_estructuras", "CursoCSharp_1_clases_estructuras\CursoCSharp_1_clases_estructuras.csproj", "{E55D5882-6A2E-43BF-87B1-E88034054994}"
EndProject
Project("{9A19103F-16F7-4668-BE54-9A1E7A4F7556}") = "CursoCSharp_2_declaracion_clase", "CursoCSharp_2_declaracion_clase\CursoCSharp_2_declaracion_clase.csproj", "{B5BED9F2-28D3-4097-B4BE-87A37686D148}"
EndProject
Project("{9A19103F-16F7-4668-BE54-9A1E7A4F7556}") = "CursoCSharp_3_cuerpo_clase", "CursoCSharp_3_cuerpo_clase\CursoCSharp_3_cuerpo_clase.csproj", "{C0EF38B4-B1E9-476C-9387-8F26066B50DB}"
EndProject
Project("{9A19103F-16F7-4668-BE54-9A1E7A4F7556}") = "CursoCSharp_4_constantes_clases", "CursoCSharp_4_constantes_clases\CursoCSharp_4_constantes_clases.csproj", "{4F36679B-F9D7-4EC0-8DF9-2842F5FA76C1}"
EndProject
Project("{9A19103F-16F7-4668-BE54-9A1E7A4F7556}") = "CursoCSharp_5_campos_propiedades", "CursoCSharp_5_campos_propiedades\CursoCSharp_5_campos_propiedades.csproj", "{35655B94-40E6-496A-8FAC-9C6549B2C6B3}"
EndProject
Project("{FAE04EC0-301F-11D3-BF4B-00C04F79EFBC}") = "CursoCSharp_6_metodos", "CursoCSharp_6_metodos\CursoCSharp_6_metodos.csproj", "{291521DC-21CF-47CF-9469-40EC10A0C071}"
EndProject
Project("{FAE04EC0-301F-11D3-BF4B-00C04F79EFBC}") = "CursoCSharp_7_nivel_accesibilidad", "CursoCSharp_7_nivel_accesibilidad\CursoCSharp_7_nivel_accesibilidad.csproj", "{654B403D-5163-4453-8603-72BB097FDD52}"
EndProject
Project("{FAE04EC0-301F-11D3-BF4B-00C04F79EFBC}") = "CursoCSharp_8_clases_abstractas", "CursoCSharp_8_clases_abstractas\CursoCSharp_8_clases_abstractas.csproj", "{E1498AF0-01F2-49EF-B17D-F2BFD6D82CB2}"
EndProject
Project("{FAE04EC0-301F-11D3-BF4B-00C04F79EFBC}") = "CursoCSharp_9_sealed", "CursoCSharp_9_sealed\CursoCSharp_9_sealed.csproj", "{8885F68E-6CD1-4620-9A44-459EFDB8A26A}"
EndProject
Project("{FAE04EC0-301F-11D3-BF4B-00C04F79EFBC}") = "CursoCSharp_10_clases_estaticas", "CursoCSharp_10_clases_estaticas\CursoCSharp_10_clases_estaticas.csproj", "{21546487-8ACD-480C-A6E0-1BE4751E4909}"
EndProject
Project("{FAE04EC0-301F-11D3-BF4B-00C04F79EFBC}") = "CursoCSharp_11_metodosExtension", "CursoCSharp_11_metodosExtension\CursoCSharp_11_metodosExtension.csproj", "{0E1FA831-115E-4327-8FC4-01A78FA839F7}"
EndProject
Project("{FAE04EC0-301F-11D3-BF4B-00C04F79EFBC}") = "CursoCSharp_12_bodied_members", "CursoCSharp_12_bodied_members\CursoCSharp_12_bodied_members.csproj", "{6BF2712D-B985-4AB6-87C0-7E679B478557}"
EndProject
Project("{FAE04EC0-301F-11D3-BF4B-00C04F79EFBC}") = "CursoCSharp_13_constructores", "CursoCSharp_13_constructores\CursoCSharp_13_constructores.csproj", "{5F7E25AA-307E-45FF-8D14-BAD3C3FB007C}"
EndProject
Project("{FAE04EC0-301F-11D3-BF4B-00C04F79EFBC}") = "CursoCSharp_14_destructores", "CursoCSharp_14_destructores\CursoCSharp_14_destructores.csproj", "{1C3A4539-CF33-4B69-AF98-E5BFBEE69F4D}"
EndProject
Project("{FAE04EC0-301F-11D3-BF4B-00C04F79EFBC}") = "CursoCSharp_15_sobrecarga_operadores", "CursoCSharp_15_sobrecarga_operadores\CursoCSharp_15_sobrecarga_operadores.csproj", "{76A53B41-597C-4117-AC86-4BFB88D5374C}"
EndProject
Project("{2150E333-8FDC-42A3-9474-1A3956D46DE8}") = "Interfaces", "Interfaces", "{F3795441-6A58-42AE-AF6C-177028695F2D}"
EndProject
Project("{FAE04EC0-301F-11D3-BF4B-00C04F79EFBC}") = "CursoCSharp_1_interfaces", "CursoCSharp_1_interfaces\CursoCSharp_1_interfaces.csproj", "{F2EB4A26-A0C7-40D6-B95E-B8C500E8A10D}"
EndProject
Project("{FAE04EC0-301F-11D3-BF4B-00C04F79EFBC}") = "CursoCSharp_2_interfaz_IDisposable", "CursoCSharp_2_interfaz_IDisposable\CursoCSharp_2_interfaz_IDisposable.csproj", "{679DB65C-1E39-448E-8AAF-0DF9AF6B1D66}"
EndProject
Project("{FAE04EC0-301F-11D3-BF4B-00C04F79EFBC}") = "CursoCSharp_3_diferencias_interfaces_clasesAbstractas", "CursoCSharp_3_diferencias_interfaces_clasesAbstractas\CursoCSharp_3_diferencias_interfaces_clasesAbstractas.csproj", "{B03523AD-5C52-4C86-BC58-D5DCCD56181B}"
EndProject
Project("{2150E333-8FDC-42A3-9474-1A3956D46DE8}") = "Conceptos avanzados", "Conceptos avanzados", "{24C80CB3-870F-45C2-A35F-91562549A8A8}"
EndProject
Project("{FAE04EC0-301F-11D3-BF4B-00C04F79EFBC}") = "CursoCSharp_1_delegados", "CursoCSharp_1_delegados\CursoCSharp_1_delegados.csproj", "{A10FC47C-657B-4637-B900-CD66B1CE1A62}"
EndProject
Project("{FAE04EC0-301F-11D3-BF4B-00C04F79EFBC}") = "CursoCSharp_3_metodos_anonimos", "CursoCSharp_3_metodos_anonimos\CursoCSharp_3_metodos_anonimos.csproj", "{9B744515-94B8-44D6-BD62-F0B4927E8A3C}"
EndProject
Project("{FAE04EC0-301F-11D3-BF4B-00C04F79EFBC}") = "CursoCSharp_4_tipos_dinamicos", "CursoCSharp_4_tipos_dinamicos\CursoCSharp_4_tipos_dinamicos.csproj", "{1E3E5A1C-1172-4359-82CD-970A70605532}"
EndProject
Project("{FAE04EC0-301F-11D3-BF4B-00C04F79EFBC}") = "CursoCSharp_5_enumerados", "CursoCSharp_5_enumerados\CursoCSharp_5_enumerados.csproj", "{6E53C9EE-AA05-4B33-86F5-E2C3B1FF64F3}"
EndProject
Project("{FAE04EC0-301F-11D3-BF4B-00C04F79EFBC}") = "CursoCSharp_6_espacios_nombre", "CursoCSharp_6_espacios_nombre\CursoCSharp_6_espacios_nombre.csproj", "{FD2C1B5F-29E6-41F0-9A10-80B0195D580B}"
EndProject
Project("{FAE04EC0-301F-11D3-BF4B-00C04F79EFBC}") = "CursoCSharp_7_instruccion_using", "CursoCSharp_7_instruccion_using\CursoCSharp_7_instruccion_using.csproj", "{D483537B-3106-43C2-B96D-A8A8E90AD324}"
EndProject
Project("{FAE04EC0-301F-11D3-BF4B-00C04F79EFBC}") = "CursoCSharp_8_tuplas", "CursoCSharp_8_tuplas\CursoCSharp_8_tuplas.csproj", "{87CA7DEE-5FC2-467C-9FF6-3F56618835A1}"
EndProject
Project("{FAE04EC0-301F-11D3-BF4B-00C04F79EFBC}") = "CursoCSharp_9_diccionario", "CursoCSharp_9_diccionario\CursoCSharp_9_diccionario.csproj", "{4D81F53A-CE25-4B19-A193-23315BD3DA3A}"
EndProject
Project("{FAE04EC0-301F-11D3-BF4B-00C04F79EFBC}") = "CursoCSharp_2_eventos", "CursoCSharp_2_eventos\CursoCSharp_2_eventos.csproj", "{BA803F5B-1B29-47AC-AC7C-A3B99942DB0C}"
EndProject
Project("{FAE04EC0-301F-11D3-BF4B-00C04F79EFBC}") = "CursoCSharp_11_genericos", "CursoCSharp_11_genericos\CursoCSharp_11_genericos.csproj", "{D4602466-EF54-4641-9D5B-4938829422B5}"
EndProject
Project("{FAE04EC0-301F-11D3-BF4B-00C04F79EFBC}") = "CursoCSharp_12_depuracion", "CursoCSharp_12_depuracion\CursoCSharp_12_depuracion.csproj", "{A7F175EF-73C5-45B3-B272-7552F08E796B}"
EndProject
Project("{2150E333-8FDC-42A3-9474-1A3956D46DE8}") = "Tratamiento de excepciones", "Tratamiento de excepciones", "{ADF8E961-3114-44B5-B74A-5839CDE425D4}"
EndProject
Project("{FAE04EC0-301F-11D3-BF4B-00C04F79EFBC}") = "CursoCSharp_10_boxing_unboxing", "CursoCSharp_10_boxing_unboxing\CursoCSharp_10_boxing_unboxing.csproj", "{F58D5FFE-9DC8-4AED-A68F-3F772EEC04CA}"
EndProject
Project("{2150E333-8FDC-42A3-9474-1A3956D46DE8}") = "Serializacion", "Serializacion", "{DC72338E-74D5-4053-A9C1-E1EE93733749}"
EndProject
Project("{FAE04EC0-301F-11D3-BF4B-00C04F79EFBC}") = "CursoCSharp_1_serializacion", "CursoCSharp_1_serializacion\CursoCSharp_1_serializacion.csproj", "{A39F2144-2CC9-4A34-81EB-D7425E84968E}"
EndProject
Project("{2150E333-8FDC-42A3-9474-1A3956D46DE8}") = "Trabajando con archivos y Streams", "Trabajando con archivos y Streams", "{4D11D471-58E3-4B87-B1F1-108140D7A834}"
EndProject
Project("{FAE04EC0-301F-11D3-BF4B-00C04F79EFBC}") = "CursoCSharp_1_introduccion_excepciones", "CursoCSharp_1_introduccion_excepciones\CursoCSharp_1_introduccion_excepciones.csproj", "{5232BAC2-975A-4E96-84C5-C29AAA049E32}"
EndProject
Project("{FAE04EC0-301F-11D3-BF4B-00C04F79EFBC}") = "CursoCSharp_2_exceptions_1", "CursoCSharp_2_exceptions_1\CursoCSharp_2_exceptions_1.csproj", "{17ED4DD8-EB63-4E09-84C2-B152D89535B8}"
EndProject
Project("{FAE04EC0-301F-11D3-BF4B-00C04F79EFBC}") = "CursoCSharp_3_exceptions_2", "CursoCSharp_3_exceptions_2\CursoCSharp_3_exceptions_2.csproj", "{7AFCCA6C-DFDC-4E10-8E2A-2B23ACAF9867}"
EndProject
Project("{FAE04EC0-301F-11D3-BF4B-00C04F79EFBC}") = "CursoCSharp_1_memorystream", "CursoCSharp_1_memorystream\CursoCSharp_1_memorystream.csproj", "{878A97D7-36E2-468F-9273-1F3F0EA2EF87}"
EndProject
Project("{FAE04EC0-301F-11D3-BF4B-00C04F79EFBC}") = "CursoCSharp_2_seek", "CursoCSharp_2_seek\CursoCSharp_2_seek.csproj", "{9B1F5E51-5618-474C-8D51-146E49CBC35B}"
EndProject
Project("{FAE04EC0-301F-11D3-BF4B-00C04F79EFBC}") = "CursoCSharp_3_leer_datos_stream", "CursoCSharp_3_leer_datos_stream\CursoCSharp_3_leer_datos_stream.csproj", "{942321A9-9206-48A4-A410-3E3B1F57B604}"
EndProject
Project("{FAE04EC0-301F-11D3-BF4B-00C04F79EFBC}") = "CursoCSharp_4_escribir_datos_stream", "CursoCSharp_4_escribir_datos_stream\CursoCSharp_4_escribir_datos_stream.csproj", "{28577F80-2388-4FE1-A823-662D68E32609}"
EndProject
Project("{FAE04EC0-301F-11D3-BF4B-00C04F79EFBC}") = "CursoCSharp_5_introduccion_archivos", "CursoCSharp_5_introduccion_archivos\CursoCSharp_5_introduccion_archivos.csproj", "{9A9B65E8-1FB8-49BC-A1EE-9A12280EE85A}"
EndProject
Project("{FAE04EC0-301F-11D3-BF4B-00C04F79EFBC}") = "CursoCSharp_6_escribir_datos_archivo", "CursoCSharp_6_escribir_datos_archivo\CursoCSharp_6_escribir_datos_archivo.csproj", "{E62B2285-DA34-4F94-928C-AE33F7D17997}"
EndProject
Project("{FAE04EC0-301F-11D3-BF4B-00C04F79EFBC}") = "CursoCSharp_7_leer_archivo", "CursoCSharp_7_leer_archivo\CursoCSharp_7_leer_archivo.csproj", "{E6DAAA1B-169D-4255-A90E-4936F5CF21E2}"
EndProject
Global
	GlobalSection(SolutionConfigurationPlatforms) = preSolution
		Debug|Any CPU = Debug|Any CPU
		Release|Any CPU = Release|Any CPU
	EndGlobalSection
	GlobalSection(ProjectConfigurationPlatforms) = postSolution
		{59CF8276-1A5B-447C-BCA7-4F517C60680E}.Debug|Any CPU.ActiveCfg = Debug|Any CPU
		{59CF8276-1A5B-447C-BCA7-4F517C60680E}.Debug|Any CPU.Build.0 = Debug|Any CPU
		{59CF8276-1A5B-447C-BCA7-4F517C60680E}.Release|Any CPU.ActiveCfg = Release|Any CPU
		{59CF8276-1A5B-447C-BCA7-4F517C60680E}.Release|Any CPU.Build.0 = Release|Any CPU
		{5AB4826F-EA94-441A-B332-724752E81E49}.Debug|Any CPU.ActiveCfg = Debug|Any CPU
		{5AB4826F-EA94-441A-B332-724752E81E49}.Debug|Any CPU.Build.0 = Debug|Any CPU
		{5AB4826F-EA94-441A-B332-724752E81E49}.Release|Any CPU.ActiveCfg = Release|Any CPU
		{5AB4826F-EA94-441A-B332-724752E81E49}.Release|Any CPU.Build.0 = Release|Any CPU
		{5C4762AD-786E-4B6A-9E47-345E18DF0E4E}.Debug|Any CPU.ActiveCfg = Debug|Any CPU
		{5C4762AD-786E-4B6A-9E47-345E18DF0E4E}.Debug|Any CPU.Build.0 = Debug|Any CPU
		{5C4762AD-786E-4B6A-9E47-345E18DF0E4E}.Release|Any CPU.ActiveCfg = Release|Any CPU
		{5C4762AD-786E-4B6A-9E47-345E18DF0E4E}.Release|Any CPU.Build.0 = Release|Any CPU
		{5E710851-0DF3-43C2-A9E6-7D57C5B37796}.Debug|Any CPU.ActiveCfg = Debug|Any CPU
		{5E710851-0DF3-43C2-A9E6-7D57C5B37796}.Debug|Any CPU.Build.0 = Debug|Any CPU
		{5E710851-0DF3-43C2-A9E6-7D57C5B37796}.Release|Any CPU.ActiveCfg = Release|Any CPU
		{5E710851-0DF3-43C2-A9E6-7D57C5B37796}.Release|Any CPU.Build.0 = Release|Any CPU
		{15902DCC-7063-4851-8F12-F8612EA29CFC}.Debug|Any CPU.ActiveCfg = Debug|Any CPU
		{15902DCC-7063-4851-8F12-F8612EA29CFC}.Debug|Any CPU.Build.0 = Debug|Any CPU
		{15902DCC-7063-4851-8F12-F8612EA29CFC}.Release|Any CPU.ActiveCfg = Release|Any CPU
		{15902DCC-7063-4851-8F12-F8612EA29CFC}.Release|Any CPU.Build.0 = Release|Any CPU
		{E2AAF491-3E10-40CA-865B-99327FBAF4CD}.Debug|Any CPU.ActiveCfg = Debug|Any CPU
		{E2AAF491-3E10-40CA-865B-99327FBAF4CD}.Debug|Any CPU.Build.0 = Debug|Any CPU
		{E2AAF491-3E10-40CA-865B-99327FBAF4CD}.Release|Any CPU.ActiveCfg = Release|Any CPU
		{E2AAF491-3E10-40CA-865B-99327FBAF4CD}.Release|Any CPU.Build.0 = Release|Any CPU
		{465C3DE6-AB4A-4C17-A610-F181FEC12605}.Debug|Any CPU.ActiveCfg = Debug|Any CPU
		{465C3DE6-AB4A-4C17-A610-F181FEC12605}.Debug|Any CPU.Build.0 = Debug|Any CPU
		{465C3DE6-AB4A-4C17-A610-F181FEC12605}.Release|Any CPU.ActiveCfg = Release|Any CPU
		{465C3DE6-AB4A-4C17-A610-F181FEC12605}.Release|Any CPU.Build.0 = Release|Any CPU
		{EAFE0945-FAFB-44C5-B69D-6125483507A3}.Debug|Any CPU.ActiveCfg = Debug|Any CPU
		{EAFE0945-FAFB-44C5-B69D-6125483507A3}.Debug|Any CPU.Build.0 = Debug|Any CPU
		{EAFE0945-FAFB-44C5-B69D-6125483507A3}.Release|Any CPU.ActiveCfg = Release|Any CPU
		{EAFE0945-FAFB-44C5-B69D-6125483507A3}.Release|Any CPU.Build.0 = Release|Any CPU
		{A8B0C10D-2C07-47A6-BCE2-D5FFE55390BA}.Debug|Any CPU.ActiveCfg = Debug|Any CPU
		{A8B0C10D-2C07-47A6-BCE2-D5FFE55390BA}.Debug|Any CPU.Build.0 = Debug|Any CPU
		{A8B0C10D-2C07-47A6-BCE2-D5FFE55390BA}.Release|Any CPU.ActiveCfg = Release|Any CPU
		{A8B0C10D-2C07-47A6-BCE2-D5FFE55390BA}.Release|Any CPU.Build.0 = Release|Any CPU
		{35038ACD-6288-4588-A05C-5F441C956804}.Debug|Any CPU.ActiveCfg = Debug|Any CPU
		{35038ACD-6288-4588-A05C-5F441C956804}.Debug|Any CPU.Build.0 = Debug|Any CPU
		{35038ACD-6288-4588-A05C-5F441C956804}.Release|Any CPU.ActiveCfg = Release|Any CPU
		{35038ACD-6288-4588-A05C-5F441C956804}.Release|Any CPU.Build.0 = Release|Any CPU
		{F3E0F4C1-189E-4F6B-B7A2-1DF089F74C2F}.Debug|Any CPU.ActiveCfg = Debug|Any CPU
		{F3E0F4C1-189E-4F6B-B7A2-1DF089F74C2F}.Debug|Any CPU.Build.0 = Debug|Any CPU
		{F3E0F4C1-189E-4F6B-B7A2-1DF089F74C2F}.Release|Any CPU.ActiveCfg = Release|Any CPU
		{F3E0F4C1-189E-4F6B-B7A2-1DF089F74C2F}.Release|Any CPU.Build.0 = Release|Any CPU
		{27772AB8-460C-4C96-8103-0DAA03F8CC6E}.Debug|Any CPU.ActiveCfg = Debug|Any CPU
		{27772AB8-460C-4C96-8103-0DAA03F8CC6E}.Debug|Any CPU.Build.0 = Debug|Any CPU
		{27772AB8-460C-4C96-8103-0DAA03F8CC6E}.Release|Any CPU.ActiveCfg = Release|Any CPU
		{27772AB8-460C-4C96-8103-0DAA03F8CC6E}.Release|Any CPU.Build.0 = Release|Any CPU
		{8D483C28-9D91-411D-AC90-1DB33D1100BC}.Debug|Any CPU.ActiveCfg = Debug|Any CPU
		{8D483C28-9D91-411D-AC90-1DB33D1100BC}.Debug|Any CPU.Build.0 = Debug|Any CPU
		{8D483C28-9D91-411D-AC90-1DB33D1100BC}.Release|Any CPU.ActiveCfg = Release|Any CPU
		{8D483C28-9D91-411D-AC90-1DB33D1100BC}.Release|Any CPU.Build.0 = Release|Any CPU
		{C41F583E-24BA-4B74-BB86-FCB15696E2B7}.Debug|Any CPU.ActiveCfg = Debug|Any CPU
		{C41F583E-24BA-4B74-BB86-FCB15696E2B7}.Debug|Any CPU.Build.0 = Debug|Any CPU
		{C41F583E-24BA-4B74-BB86-FCB15696E2B7}.Release|Any CPU.ActiveCfg = Release|Any CPU
		{C41F583E-24BA-4B74-BB86-FCB15696E2B7}.Release|Any CPU.Build.0 = Release|Any CPU
		{FA31CAF8-F2FE-410D-B797-CAAAB9DA7510}.Debug|Any CPU.ActiveCfg = Debug|Any CPU
		{FA31CAF8-F2FE-410D-B797-CAAAB9DA7510}.Debug|Any CPU.Build.0 = Debug|Any CPU
		{FA31CAF8-F2FE-410D-B797-CAAAB9DA7510}.Release|Any CPU.ActiveCfg = Release|Any CPU
		{FA31CAF8-F2FE-410D-B797-CAAAB9DA7510}.Release|Any CPU.Build.0 = Release|Any CPU
		{F35386D6-9EDA-41B5-B274-3A41F209387F}.Debug|Any CPU.ActiveCfg = Debug|Any CPU
		{F35386D6-9EDA-41B5-B274-3A41F209387F}.Debug|Any CPU.Build.0 = Debug|Any CPU
		{F35386D6-9EDA-41B5-B274-3A41F209387F}.Release|Any CPU.ActiveCfg = Release|Any CPU
		{F35386D6-9EDA-41B5-B274-3A41F209387F}.Release|Any CPU.Build.0 = Release|Any CPU
		{3101EAE8-A4B1-400E-A6E2-1B7A1EFCBF35}.Debug|Any CPU.ActiveCfg = Debug|Any CPU
		{3101EAE8-A4B1-400E-A6E2-1B7A1EFCBF35}.Debug|Any CPU.Build.0 = Debug|Any CPU
		{3101EAE8-A4B1-400E-A6E2-1B7A1EFCBF35}.Release|Any CPU.ActiveCfg = Release|Any CPU
		{3101EAE8-A4B1-400E-A6E2-1B7A1EFCBF35}.Release|Any CPU.Build.0 = Release|Any CPU
		{420995CB-52E2-4069-B564-0947060586AC}.Debug|Any CPU.ActiveCfg = Debug|Any CPU
		{420995CB-52E2-4069-B564-0947060586AC}.Debug|Any CPU.Build.0 = Debug|Any CPU
		{420995CB-52E2-4069-B564-0947060586AC}.Release|Any CPU.ActiveCfg = Release|Any CPU
		{420995CB-52E2-4069-B564-0947060586AC}.Release|Any CPU.Build.0 = Release|Any CPU
		{055301D4-AADD-4FE5-8410-159BD51E6B94}.Debug|Any CPU.ActiveCfg = Debug|Any CPU
		{055301D4-AADD-4FE5-8410-159BD51E6B94}.Debug|Any CPU.Build.0 = Debug|Any CPU
		{055301D4-AADD-4FE5-8410-159BD51E6B94}.Release|Any CPU.ActiveCfg = Release|Any CPU
		{055301D4-AADD-4FE5-8410-159BD51E6B94}.Release|Any CPU.Build.0 = Release|Any CPU
		{A56E43B3-4610-45B3-A28C-3D54D66CD25B}.Debug|Any CPU.ActiveCfg = Debug|Any CPU
		{A56E43B3-4610-45B3-A28C-3D54D66CD25B}.Debug|Any CPU.Build.0 = Debug|Any CPU
		{A56E43B3-4610-45B3-A28C-3D54D66CD25B}.Release|Any CPU.ActiveCfg = Release|Any CPU
		{A56E43B3-4610-45B3-A28C-3D54D66CD25B}.Release|Any CPU.Build.0 = Release|Any CPU
		{9EA30B5E-5D42-4699-A0F2-EB56892CF0AC}.Debug|Any CPU.ActiveCfg = Debug|Any CPU
		{9EA30B5E-5D42-4699-A0F2-EB56892CF0AC}.Debug|Any CPU.Build.0 = Debug|Any CPU
		{9EA30B5E-5D42-4699-A0F2-EB56892CF0AC}.Release|Any CPU.ActiveCfg = Release|Any CPU
		{9EA30B5E-5D42-4699-A0F2-EB56892CF0AC}.Release|Any CPU.Build.0 = Release|Any CPU
		{EDAE349C-3B63-471A-B18F-73FB0E4B144A}.Debug|Any CPU.ActiveCfg = Debug|Any CPU
		{EDAE349C-3B63-471A-B18F-73FB0E4B144A}.Debug|Any CPU.Build.0 = Debug|Any CPU
		{EDAE349C-3B63-471A-B18F-73FB0E4B144A}.Release|Any CPU.ActiveCfg = Release|Any CPU
		{EDAE349C-3B63-471A-B18F-73FB0E4B144A}.Release|Any CPU.Build.0 = Release|Any CPU
		{B4FB7BFF-BD5E-40D0-9060-93688CE75C50}.Debug|Any CPU.ActiveCfg = Debug|Any CPU
		{B4FB7BFF-BD5E-40D0-9060-93688CE75C50}.Debug|Any CPU.Build.0 = Debug|Any CPU
		{B4FB7BFF-BD5E-40D0-9060-93688CE75C50}.Release|Any CPU.ActiveCfg = Release|Any CPU
		{B4FB7BFF-BD5E-40D0-9060-93688CE75C50}.Release|Any CPU.Build.0 = Release|Any CPU
		{9BB84729-E34E-4723-89FF-6D5DC4FE9030}.Debug|Any CPU.ActiveCfg = Debug|Any CPU
		{9BB84729-E34E-4723-89FF-6D5DC4FE9030}.Debug|Any CPU.Build.0 = Debug|Any CPU
		{9BB84729-E34E-4723-89FF-6D5DC4FE9030}.Release|Any CPU.ActiveCfg = Release|Any CPU
		{9BB84729-E34E-4723-89FF-6D5DC4FE9030}.Release|Any CPU.Build.0 = Release|Any CPU
		{8F56F14D-A37F-4CD6-BAF9-66D1F136AE4D}.Debug|Any CPU.ActiveCfg = Debug|Any CPU
		{8F56F14D-A37F-4CD6-BAF9-66D1F136AE4D}.Debug|Any CPU.Build.0 = Debug|Any CPU
		{8F56F14D-A37F-4CD6-BAF9-66D1F136AE4D}.Release|Any CPU.ActiveCfg = Release|Any CPU
		{8F56F14D-A37F-4CD6-BAF9-66D1F136AE4D}.Release|Any CPU.Build.0 = Release|Any CPU
		{1A221B54-99A0-452B-9D45-C6C657595457}.Debug|Any CPU.ActiveCfg = Debug|Any CPU
		{1A221B54-99A0-452B-9D45-C6C657595457}.Debug|Any CPU.Build.0 = Debug|Any CPU
		{1A221B54-99A0-452B-9D45-C6C657595457}.Release|Any CPU.ActiveCfg = Release|Any CPU
		{1A221B54-99A0-452B-9D45-C6C657595457}.Release|Any CPU.Build.0 = Release|Any CPU
		{1C7AA27B-71D7-45AC-A876-CAF02CF6F40D}.Debug|Any CPU.ActiveCfg = Debug|Any CPU
		{1C7AA27B-71D7-45AC-A876-CAF02CF6F40D}.Debug|Any CPU.Build.0 = Debug|Any CPU
		{1C7AA27B-71D7-45AC-A876-CAF02CF6F40D}.Release|Any CPU.ActiveCfg = Release|Any CPU
		{1C7AA27B-71D7-45AC-A876-CAF02CF6F40D}.Release|Any CPU.Build.0 = Release|Any CPU
		{E363ABD3-DCA1-4994-A538-9B50524EFD4A}.Debug|Any CPU.ActiveCfg = Debug|Any CPU
		{E363ABD3-DCA1-4994-A538-9B50524EFD4A}.Debug|Any CPU.Build.0 = Debug|Any CPU
		{E363ABD3-DCA1-4994-A538-9B50524EFD4A}.Release|Any CPU.ActiveCfg = Release|Any CPU
		{E363ABD3-DCA1-4994-A538-9B50524EFD4A}.Release|Any CPU.Build.0 = Release|Any CPU
		{EE69B241-8DD3-4307-A086-AEDC71091066}.Debug|Any CPU.ActiveCfg = Debug|Any CPU
		{EE69B241-8DD3-4307-A086-AEDC71091066}.Debug|Any CPU.Build.0 = Debug|Any CPU
		{EE69B241-8DD3-4307-A086-AEDC71091066}.Release|Any CPU.ActiveCfg = Release|Any CPU
		{EE69B241-8DD3-4307-A086-AEDC71091066}.Release|Any CPU.Build.0 = Release|Any CPU
		{11B8D59C-8691-4CEC-BD4B-B964E0205EE9}.Debug|Any CPU.ActiveCfg = Debug|Any CPU
		{11B8D59C-8691-4CEC-BD4B-B964E0205EE9}.Debug|Any CPU.Build.0 = Debug|Any CPU
		{11B8D59C-8691-4CEC-BD4B-B964E0205EE9}.Release|Any CPU.ActiveCfg = Release|Any CPU
		{11B8D59C-8691-4CEC-BD4B-B964E0205EE9}.Release|Any CPU.Build.0 = Release|Any CPU
		{22E52C20-A6F4-4B0E-AA68-410BC0231492}.Debug|Any CPU.ActiveCfg = Debug|Any CPU
		{22E52C20-A6F4-4B0E-AA68-410BC0231492}.Debug|Any CPU.Build.0 = Debug|Any CPU
		{22E52C20-A6F4-4B0E-AA68-410BC0231492}.Release|Any CPU.ActiveCfg = Release|Any CPU
		{22E52C20-A6F4-4B0E-AA68-410BC0231492}.Release|Any CPU.Build.0 = Release|Any CPU
		{7C90A9A2-B578-4F60-967A-7F8BBC574CD2}.Debug|Any CPU.ActiveCfg = Debug|Any CPU
		{7C90A9A2-B578-4F60-967A-7F8BBC574CD2}.Debug|Any CPU.Build.0 = Debug|Any CPU
		{7C90A9A2-B578-4F60-967A-7F8BBC574CD2}.Release|Any CPU.ActiveCfg = Release|Any CPU
		{7C90A9A2-B578-4F60-967A-7F8BBC574CD2}.Release|Any CPU.Build.0 = Release|Any CPU
		{B2D208DA-0791-4AD4-A357-72D343B36A30}.Debug|Any CPU.ActiveCfg = Debug|Any CPU
		{B2D208DA-0791-4AD4-A357-72D343B36A30}.Debug|Any CPU.Build.0 = Debug|Any CPU
		{B2D208DA-0791-4AD4-A357-72D343B36A30}.Release|Any CPU.ActiveCfg = Release|Any CPU
		{B2D208DA-0791-4AD4-A357-72D343B36A30}.Release|Any CPU.Build.0 = Release|Any CPU
		{F42709BF-1FB3-4121-9C4D-841E7D341DF9}.Debug|Any CPU.ActiveCfg = Debug|Any CPU
		{F42709BF-1FB3-4121-9C4D-841E7D341DF9}.Debug|Any CPU.Build.0 = Debug|Any CPU
		{F42709BF-1FB3-4121-9C4D-841E7D341DF9}.Release|Any CPU.ActiveCfg = Release|Any CPU
		{F42709BF-1FB3-4121-9C4D-841E7D341DF9}.Release|Any CPU.Build.0 = Release|Any CPU
		{2DBE808C-A559-4F50-8BD5-37176783ED1D}.Debug|Any CPU.ActiveCfg = Debug|Any CPU
		{2DBE808C-A559-4F50-8BD5-37176783ED1D}.Debug|Any CPU.Build.0 = Debug|Any CPU
		{2DBE808C-A559-4F50-8BD5-37176783ED1D}.Release|Any CPU.ActiveCfg = Release|Any CPU
		{2DBE808C-A559-4F50-8BD5-37176783ED1D}.Release|Any CPU.Build.0 = Release|Any CPU
		{8EE52E37-211E-407B-9F47-2670914818B6}.Debug|Any CPU.ActiveCfg = Debug|Any CPU
		{8EE52E37-211E-407B-9F47-2670914818B6}.Debug|Any CPU.Build.0 = Debug|Any CPU
		{8EE52E37-211E-407B-9F47-2670914818B6}.Release|Any CPU.ActiveCfg = Release|Any CPU
		{8EE52E37-211E-407B-9F47-2670914818B6}.Release|Any CPU.Build.0 = Release|Any CPU
		{E55D5882-6A2E-43BF-87B1-E88034054994}.Debug|Any CPU.ActiveCfg = Debug|Any CPU
		{E55D5882-6A2E-43BF-87B1-E88034054994}.Debug|Any CPU.Build.0 = Debug|Any CPU
		{E55D5882-6A2E-43BF-87B1-E88034054994}.Release|Any CPU.ActiveCfg = Release|Any CPU
		{E55D5882-6A2E-43BF-87B1-E88034054994}.Release|Any CPU.Build.0 = Release|Any CPU
		{B5BED9F2-28D3-4097-B4BE-87A37686D148}.Debug|Any CPU.ActiveCfg = Debug|Any CPU
		{B5BED9F2-28D3-4097-B4BE-87A37686D148}.Debug|Any CPU.Build.0 = Debug|Any CPU
		{B5BED9F2-28D3-4097-B4BE-87A37686D148}.Release|Any CPU.ActiveCfg = Release|Any CPU
		{B5BED9F2-28D3-4097-B4BE-87A37686D148}.Release|Any CPU.Build.0 = Release|Any CPU
		{C0EF38B4-B1E9-476C-9387-8F26066B50DB}.Debug|Any CPU.ActiveCfg = Debug|Any CPU
		{C0EF38B4-B1E9-476C-9387-8F26066B50DB}.Debug|Any CPU.Build.0 = Debug|Any CPU
		{C0EF38B4-B1E9-476C-9387-8F26066B50DB}.Release|Any CPU.ActiveCfg = Release|Any CPU
		{C0EF38B4-B1E9-476C-9387-8F26066B50DB}.Release|Any CPU.Build.0 = Release|Any CPU
		{4F36679B-F9D7-4EC0-8DF9-2842F5FA76C1}.Debug|Any CPU.ActiveCfg = Debug|Any CPU
		{4F36679B-F9D7-4EC0-8DF9-2842F5FA76C1}.Debug|Any CPU.Build.0 = Debug|Any CPU
		{4F36679B-F9D7-4EC0-8DF9-2842F5FA76C1}.Release|Any CPU.ActiveCfg = Release|Any CPU
		{4F36679B-F9D7-4EC0-8DF9-2842F5FA76C1}.Release|Any CPU.Build.0 = Release|Any CPU
		{35655B94-40E6-496A-8FAC-9C6549B2C6B3}.Debug|Any CPU.ActiveCfg = Debug|Any CPU
		{35655B94-40E6-496A-8FAC-9C6549B2C6B3}.Debug|Any CPU.Build.0 = Debug|Any CPU
		{35655B94-40E6-496A-8FAC-9C6549B2C6B3}.Release|Any CPU.ActiveCfg = Release|Any CPU
		{35655B94-40E6-496A-8FAC-9C6549B2C6B3}.Release|Any CPU.Build.0 = Release|Any CPU
		{291521DC-21CF-47CF-9469-40EC10A0C071}.Debug|Any CPU.ActiveCfg = Debug|Any CPU
		{291521DC-21CF-47CF-9469-40EC10A0C071}.Debug|Any CPU.Build.0 = Debug|Any CPU
		{291521DC-21CF-47CF-9469-40EC10A0C071}.Release|Any CPU.ActiveCfg = Release|Any CPU
		{291521DC-21CF-47CF-9469-40EC10A0C071}.Release|Any CPU.Build.0 = Release|Any CPU
		{654B403D-5163-4453-8603-72BB097FDD52}.Debug|Any CPU.ActiveCfg = Debug|Any CPU
		{654B403D-5163-4453-8603-72BB097FDD52}.Debug|Any CPU.Build.0 = Debug|Any CPU
		{654B403D-5163-4453-8603-72BB097FDD52}.Release|Any CPU.ActiveCfg = Release|Any CPU
		{654B403D-5163-4453-8603-72BB097FDD52}.Release|Any CPU.Build.0 = Release|Any CPU
		{E1498AF0-01F2-49EF-B17D-F2BFD6D82CB2}.Debug|Any CPU.ActiveCfg = Debug|Any CPU
		{E1498AF0-01F2-49EF-B17D-F2BFD6D82CB2}.Debug|Any CPU.Build.0 = Debug|Any CPU
		{E1498AF0-01F2-49EF-B17D-F2BFD6D82CB2}.Release|Any CPU.ActiveCfg = Release|Any CPU
		{E1498AF0-01F2-49EF-B17D-F2BFD6D82CB2}.Release|Any CPU.Build.0 = Release|Any CPU
		{8885F68E-6CD1-4620-9A44-459EFDB8A26A}.Debug|Any CPU.ActiveCfg = Debug|Any CPU
		{8885F68E-6CD1-4620-9A44-459EFDB8A26A}.Debug|Any CPU.Build.0 = Debug|Any CPU
		{8885F68E-6CD1-4620-9A44-459EFDB8A26A}.Release|Any CPU.ActiveCfg = Release|Any CPU
		{8885F68E-6CD1-4620-9A44-459EFDB8A26A}.Release|Any CPU.Build.0 = Release|Any CPU
		{21546487-8ACD-480C-A6E0-1BE4751E4909}.Debug|Any CPU.ActiveCfg = Debug|Any CPU
		{21546487-8ACD-480C-A6E0-1BE4751E4909}.Debug|Any CPU.Build.0 = Debug|Any CPU
		{21546487-8ACD-480C-A6E0-1BE4751E4909}.Release|Any CPU.ActiveCfg = Release|Any CPU
		{21546487-8ACD-480C-A6E0-1BE4751E4909}.Release|Any CPU.Build.0 = Release|Any CPU
		{0E1FA831-115E-4327-8FC4-01A78FA839F7}.Debug|Any CPU.ActiveCfg = Debug|Any CPU
		{0E1FA831-115E-4327-8FC4-01A78FA839F7}.Debug|Any CPU.Build.0 = Debug|Any CPU
		{0E1FA831-115E-4327-8FC4-01A78FA839F7}.Release|Any CPU.ActiveCfg = Release|Any CPU
		{0E1FA831-115E-4327-8FC4-01A78FA839F7}.Release|Any CPU.Build.0 = Release|Any CPU
		{6BF2712D-B985-4AB6-87C0-7E679B478557}.Debug|Any CPU.ActiveCfg = Debug|Any CPU
		{6BF2712D-B985-4AB6-87C0-7E679B478557}.Debug|Any CPU.Build.0 = Debug|Any CPU
		{6BF2712D-B985-4AB6-87C0-7E679B478557}.Release|Any CPU.ActiveCfg = Release|Any CPU
		{6BF2712D-B985-4AB6-87C0-7E679B478557}.Release|Any CPU.Build.0 = Release|Any CPU
		{5F7E25AA-307E-45FF-8D14-BAD3C3FB007C}.Debug|Any CPU.ActiveCfg = Debug|Any CPU
		{5F7E25AA-307E-45FF-8D14-BAD3C3FB007C}.Debug|Any CPU.Build.0 = Debug|Any CPU
		{5F7E25AA-307E-45FF-8D14-BAD3C3FB007C}.Release|Any CPU.ActiveCfg = Release|Any CPU
		{5F7E25AA-307E-45FF-8D14-BAD3C3FB007C}.Release|Any CPU.Build.0 = Release|Any CPU
		{1C3A4539-CF33-4B69-AF98-E5BFBEE69F4D}.Debug|Any CPU.ActiveCfg = Debug|Any CPU
		{1C3A4539-CF33-4B69-AF98-E5BFBEE69F4D}.Debug|Any CPU.Build.0 = Debug|Any CPU
		{1C3A4539-CF33-4B69-AF98-E5BFBEE69F4D}.Release|Any CPU.ActiveCfg = Release|Any CPU
		{1C3A4539-CF33-4B69-AF98-E5BFBEE69F4D}.Release|Any CPU.Build.0 = Release|Any CPU
		{76A53B41-597C-4117-AC86-4BFB88D5374C}.Debug|Any CPU.ActiveCfg = Debug|Any CPU
		{76A53B41-597C-4117-AC86-4BFB88D5374C}.Debug|Any CPU.Build.0 = Debug|Any CPU
		{76A53B41-597C-4117-AC86-4BFB88D5374C}.Release|Any CPU.ActiveCfg = Release|Any CPU
		{76A53B41-597C-4117-AC86-4BFB88D5374C}.Release|Any CPU.Build.0 = Release|Any CPU
		{F2EB4A26-A0C7-40D6-B95E-B8C500E8A10D}.Debug|Any CPU.ActiveCfg = Debug|Any CPU
		{F2EB4A26-A0C7-40D6-B95E-B8C500E8A10D}.Debug|Any CPU.Build.0 = Debug|Any CPU
		{F2EB4A26-A0C7-40D6-B95E-B8C500E8A10D}.Release|Any CPU.ActiveCfg = Release|Any CPU
		{F2EB4A26-A0C7-40D6-B95E-B8C500E8A10D}.Release|Any CPU.Build.0 = Release|Any CPU
		{679DB65C-1E39-448E-8AAF-0DF9AF6B1D66}.Debug|Any CPU.ActiveCfg = Debug|Any CPU
		{679DB65C-1E39-448E-8AAF-0DF9AF6B1D66}.Debug|Any CPU.Build.0 = Debug|Any CPU
		{679DB65C-1E39-448E-8AAF-0DF9AF6B1D66}.Release|Any CPU.ActiveCfg = Release|Any CPU
		{679DB65C-1E39-448E-8AAF-0DF9AF6B1D66}.Release|Any CPU.Build.0 = Release|Any CPU
		{B03523AD-5C52-4C86-BC58-D5DCCD56181B}.Debug|Any CPU.ActiveCfg = Debug|Any CPU
		{B03523AD-5C52-4C86-BC58-D5DCCD56181B}.Debug|Any CPU.Build.0 = Debug|Any CPU
		{B03523AD-5C52-4C86-BC58-D5DCCD56181B}.Release|Any CPU.ActiveCfg = Release|Any CPU
		{B03523AD-5C52-4C86-BC58-D5DCCD56181B}.Release|Any CPU.Build.0 = Release|Any CPU
		{A10FC47C-657B-4637-B900-CD66B1CE1A62}.Debug|Any CPU.ActiveCfg = Debug|Any CPU
		{A10FC47C-657B-4637-B900-CD66B1CE1A62}.Debug|Any CPU.Build.0 = Debug|Any CPU
		{A10FC47C-657B-4637-B900-CD66B1CE1A62}.Release|Any CPU.ActiveCfg = Release|Any CPU
		{A10FC47C-657B-4637-B900-CD66B1CE1A62}.Release|Any CPU.Build.0 = Release|Any CPU
		{9B744515-94B8-44D6-BD62-F0B4927E8A3C}.Debug|Any CPU.ActiveCfg = Debug|Any CPU
		{9B744515-94B8-44D6-BD62-F0B4927E8A3C}.Debug|Any CPU.Build.0 = Debug|Any CPU
		{9B744515-94B8-44D6-BD62-F0B4927E8A3C}.Release|Any CPU.ActiveCfg = Release|Any CPU
		{9B744515-94B8-44D6-BD62-F0B4927E8A3C}.Release|Any CPU.Build.0 = Release|Any CPU
		{1E3E5A1C-1172-4359-82CD-970A70605532}.Debug|Any CPU.ActiveCfg = Debug|Any CPU
		{1E3E5A1C-1172-4359-82CD-970A70605532}.Debug|Any CPU.Build.0 = Debug|Any CPU
		{1E3E5A1C-1172-4359-82CD-970A70605532}.Release|Any CPU.ActiveCfg = Release|Any CPU
		{1E3E5A1C-1172-4359-82CD-970A70605532}.Release|Any CPU.Build.0 = Release|Any CPU
		{6E53C9EE-AA05-4B33-86F5-E2C3B1FF64F3}.Debug|Any CPU.ActiveCfg = Debug|Any CPU
		{6E53C9EE-AA05-4B33-86F5-E2C3B1FF64F3}.Debug|Any CPU.Build.0 = Debug|Any CPU
		{6E53C9EE-AA05-4B33-86F5-E2C3B1FF64F3}.Release|Any CPU.ActiveCfg = Release|Any CPU
		{6E53C9EE-AA05-4B33-86F5-E2C3B1FF64F3}.Release|Any CPU.Build.0 = Release|Any CPU
		{FD2C1B5F-29E6-41F0-9A10-80B0195D580B}.Debug|Any CPU.ActiveCfg = Debug|Any CPU
		{FD2C1B5F-29E6-41F0-9A10-80B0195D580B}.Debug|Any CPU.Build.0 = Debug|Any CPU
		{FD2C1B5F-29E6-41F0-9A10-80B0195D580B}.Release|Any CPU.ActiveCfg = Release|Any CPU
		{FD2C1B5F-29E6-41F0-9A10-80B0195D580B}.Release|Any CPU.Build.0 = Release|Any CPU
		{D483537B-3106-43C2-B96D-A8A8E90AD324}.Debug|Any CPU.ActiveCfg = Debug|Any CPU
		{D483537B-3106-43C2-B96D-A8A8E90AD324}.Debug|Any CPU.Build.0 = Debug|Any CPU
		{D483537B-3106-43C2-B96D-A8A8E90AD324}.Release|Any CPU.ActiveCfg = Release|Any CPU
		{D483537B-3106-43C2-B96D-A8A8E90AD324}.Release|Any CPU.Build.0 = Release|Any CPU
		{87CA7DEE-5FC2-467C-9FF6-3F56618835A1}.Debug|Any CPU.ActiveCfg = Debug|Any CPU
		{87CA7DEE-5FC2-467C-9FF6-3F56618835A1}.Debug|Any CPU.Build.0 = Debug|Any CPU
		{87CA7DEE-5FC2-467C-9FF6-3F56618835A1}.Release|Any CPU.ActiveCfg = Release|Any CPU
		{87CA7DEE-5FC2-467C-9FF6-3F56618835A1}.Release|Any CPU.Build.0 = Release|Any CPU
		{4D81F53A-CE25-4B19-A193-23315BD3DA3A}.Debug|Any CPU.ActiveCfg = Debug|Any CPU
		{4D81F53A-CE25-4B19-A193-23315BD3DA3A}.Debug|Any CPU.Build.0 = Debug|Any CPU
		{4D81F53A-CE25-4B19-A193-23315BD3DA3A}.Release|Any CPU.ActiveCfg = Release|Any CPU
		{4D81F53A-CE25-4B19-A193-23315BD3DA3A}.Release|Any CPU.Build.0 = Release|Any CPU
		{BA803F5B-1B29-47AC-AC7C-A3B99942DB0C}.Debug|Any CPU.ActiveCfg = Debug|Any CPU
		{BA803F5B-1B29-47AC-AC7C-A3B99942DB0C}.Debug|Any CPU.Build.0 = Debug|Any CPU
		{BA803F5B-1B29-47AC-AC7C-A3B99942DB0C}.Release|Any CPU.ActiveCfg = Release|Any CPU
		{BA803F5B-1B29-47AC-AC7C-A3B99942DB0C}.Release|Any CPU.Build.0 = Release|Any CPU
		{D4602466-EF54-4641-9D5B-4938829422B5}.Debug|Any CPU.ActiveCfg = Debug|Any CPU
		{D4602466-EF54-4641-9D5B-4938829422B5}.Debug|Any CPU.Build.0 = Debug|Any CPU
		{D4602466-EF54-4641-9D5B-4938829422B5}.Release|Any CPU.ActiveCfg = Release|Any CPU
		{D4602466-EF54-4641-9D5B-4938829422B5}.Release|Any CPU.Build.0 = Release|Any CPU
		{A7F175EF-73C5-45B3-B272-7552F08E796B}.Debug|Any CPU.ActiveCfg = Debug|Any CPU
		{A7F175EF-73C5-45B3-B272-7552F08E796B}.Debug|Any CPU.Build.0 = Debug|Any CPU
		{A7F175EF-73C5-45B3-B272-7552F08E796B}.Release|Any CPU.ActiveCfg = Release|Any CPU
		{A7F175EF-73C5-45B3-B272-7552F08E796B}.Release|Any CPU.Build.0 = Release|Any CPU
		{F58D5FFE-9DC8-4AED-A68F-3F772EEC04CA}.Debug|Any CPU.ActiveCfg = Debug|Any CPU
		{F58D5FFE-9DC8-4AED-A68F-3F772EEC04CA}.Debug|Any CPU.Build.0 = Debug|Any CPU
		{F58D5FFE-9DC8-4AED-A68F-3F772EEC04CA}.Release|Any CPU.ActiveCfg = Release|Any CPU
		{F58D5FFE-9DC8-4AED-A68F-3F772EEC04CA}.Release|Any CPU.Build.0 = Release|Any CPU
		{A39F2144-2CC9-4A34-81EB-D7425E84968E}.Debug|Any CPU.ActiveCfg = Debug|Any CPU
		{A39F2144-2CC9-4A34-81EB-D7425E84968E}.Debug|Any CPU.Build.0 = Debug|Any CPU
		{A39F2144-2CC9-4A34-81EB-D7425E84968E}.Release|Any CPU.ActiveCfg = Release|Any CPU
		{A39F2144-2CC9-4A34-81EB-D7425E84968E}.Release|Any CPU.Build.0 = Release|Any CPU
		{5232BAC2-975A-4E96-84C5-C29AAA049E32}.Debug|Any CPU.ActiveCfg = Debug|Any CPU
		{5232BAC2-975A-4E96-84C5-C29AAA049E32}.Debug|Any CPU.Build.0 = Debug|Any CPU
		{5232BAC2-975A-4E96-84C5-C29AAA049E32}.Release|Any CPU.ActiveCfg = Release|Any CPU
		{5232BAC2-975A-4E96-84C5-C29AAA049E32}.Release|Any CPU.Build.0 = Release|Any CPU
		{17ED4DD8-EB63-4E09-84C2-B152D89535B8}.Debug|Any CPU.ActiveCfg = Debug|Any CPU
		{17ED4DD8-EB63-4E09-84C2-B152D89535B8}.Debug|Any CPU.Build.0 = Debug|Any CPU
		{17ED4DD8-EB63-4E09-84C2-B152D89535B8}.Release|Any CPU.ActiveCfg = Release|Any CPU
		{17ED4DD8-EB63-4E09-84C2-B152D89535B8}.Release|Any CPU.Build.0 = Release|Any CPU
		{7AFCCA6C-DFDC-4E10-8E2A-2B23ACAF9867}.Debug|Any CPU.ActiveCfg = Debug|Any CPU
		{7AFCCA6C-DFDC-4E10-8E2A-2B23ACAF9867}.Debug|Any CPU.Build.0 = Debug|Any CPU
		{7AFCCA6C-DFDC-4E10-8E2A-2B23ACAF9867}.Release|Any CPU.ActiveCfg = Release|Any CPU
		{7AFCCA6C-DFDC-4E10-8E2A-2B23ACAF9867}.Release|Any CPU.Build.0 = Release|Any CPU
		{878A97D7-36E2-468F-9273-1F3F0EA2EF87}.Debug|Any CPU.ActiveCfg = Debug|Any CPU
		{878A97D7-36E2-468F-9273-1F3F0EA2EF87}.Debug|Any CPU.Build.0 = Debug|Any CPU
		{878A97D7-36E2-468F-9273-1F3F0EA2EF87}.Release|Any CPU.ActiveCfg = Release|Any CPU
		{878A97D7-36E2-468F-9273-1F3F0EA2EF87}.Release|Any CPU.Build.0 = Release|Any CPU
		{9B1F5E51-5618-474C-8D51-146E49CBC35B}.Debug|Any CPU.ActiveCfg = Debug|Any CPU
		{9B1F5E51-5618-474C-8D51-146E49CBC35B}.Debug|Any CPU.Build.0 = Debug|Any CPU
		{9B1F5E51-5618-474C-8D51-146E49CBC35B}.Release|Any CPU.ActiveCfg = Release|Any CPU
		{9B1F5E51-5618-474C-8D51-146E49CBC35B}.Release|Any CPU.Build.0 = Release|Any CPU
		{942321A9-9206-48A4-A410-3E3B1F57B604}.Debug|Any CPU.ActiveCfg = Debug|Any CPU
		{942321A9-9206-48A4-A410-3E3B1F57B604}.Debug|Any CPU.Build.0 = Debug|Any CPU
		{942321A9-9206-48A4-A410-3E3B1F57B604}.Release|Any CPU.ActiveCfg = Release|Any CPU
		{942321A9-9206-48A4-A410-3E3B1F57B604}.Release|Any CPU.Build.0 = Release|Any CPU
		{28577F80-2388-4FE1-A823-662D68E32609}.Debug|Any CPU.ActiveCfg = Debug|Any CPU
		{28577F80-2388-4FE1-A823-662D68E32609}.Debug|Any CPU.Build.0 = Debug|Any CPU
		{28577F80-2388-4FE1-A823-662D68E32609}.Release|Any CPU.ActiveCfg = Release|Any CPU
		{28577F80-2388-4FE1-A823-662D68E32609}.Release|Any CPU.Build.0 = Release|Any CPU
		{9A9B65E8-1FB8-49BC-A1EE-9A12280EE85A}.Debug|Any CPU.ActiveCfg = Debug|Any CPU
		{9A9B65E8-1FB8-49BC-A1EE-9A12280EE85A}.Debug|Any CPU.Build.0 = Debug|Any CPU
		{9A9B65E8-1FB8-49BC-A1EE-9A12280EE85A}.Release|Any CPU.ActiveCfg = Release|Any CPU
		{9A9B65E8-1FB8-49BC-A1EE-9A12280EE85A}.Release|Any CPU.Build.0 = Release|Any CPU
		{E62B2285-DA34-4F94-928C-AE33F7D17997}.Debug|Any CPU.ActiveCfg = Debug|Any CPU
		{E62B2285-DA34-4F94-928C-AE33F7D17997}.Debug|Any CPU.Build.0 = Debug|Any CPU
		{E62B2285-DA34-4F94-928C-AE33F7D17997}.Release|Any CPU.ActiveCfg = Release|Any CPU
		{E62B2285-DA34-4F94-928C-AE33F7D17997}.Release|Any CPU.Build.0 = Release|Any CPU
		{E6DAAA1B-169D-4255-A90E-4936F5CF21E2}.Debug|Any CPU.ActiveCfg = Debug|Any CPU
		{E6DAAA1B-169D-4255-A90E-4936F5CF21E2}.Debug|Any CPU.Build.0 = Debug|Any CPU
		{E6DAAA1B-169D-4255-A90E-4936F5CF21E2}.Release|Any CPU.ActiveCfg = Release|Any CPU
		{E6DAAA1B-169D-4255-A90E-4936F5CF21E2}.Release|Any CPU.Build.0 = Release|Any CPU
	EndGlobalSection
	GlobalSection(SolutionProperties) = preSolution
		HideSolutionNode = FALSE
	EndGlobalSection
	GlobalSection(NestedProjects) = preSolution
		{59CF8276-1A5B-447C-BCA7-4F517C60680E} = {8E114553-1494-4BC5-A514-1403E820AA06}
		{5AB4826F-EA94-441A-B332-724752E81E49} = {8E114553-1494-4BC5-A514-1403E820AA06}
		{5C4762AD-786E-4B6A-9E47-345E18DF0E4E} = {8E114553-1494-4BC5-A514-1403E820AA06}
		{5E710851-0DF3-43C2-A9E6-7D57C5B37796} = {8E114553-1494-4BC5-A514-1403E820AA06}
		{15902DCC-7063-4851-8F12-F8612EA29CFC} = {8E114553-1494-4BC5-A514-1403E820AA06}
		{E2AAF491-3E10-40CA-865B-99327FBAF4CD} = {8E114553-1494-4BC5-A514-1403E820AA06}
		{465C3DE6-AB4A-4C17-A610-F181FEC12605} = {8E114553-1494-4BC5-A514-1403E820AA06}
		{EAFE0945-FAFB-44C5-B69D-6125483507A3} = {8E114553-1494-4BC5-A514-1403E820AA06}
		{A8B0C10D-2C07-47A6-BCE2-D5FFE55390BA} = {8E114553-1494-4BC5-A514-1403E820AA06}
		{35038ACD-6288-4588-A05C-5F441C956804} = {8E114553-1494-4BC5-A514-1403E820AA06}
		{F3E0F4C1-189E-4F6B-B7A2-1DF089F74C2F} = {8E114553-1494-4BC5-A514-1403E820AA06}
		{27772AB8-460C-4C96-8103-0DAA03F8CC6E} = {8E114553-1494-4BC5-A514-1403E820AA06}
		{8D483C28-9D91-411D-AC90-1DB33D1100BC} = {8E114553-1494-4BC5-A514-1403E820AA06}
		{C41F583E-24BA-4B74-BB86-FCB15696E2B7} = {8E114553-1494-4BC5-A514-1403E820AA06}
		{FA31CAF8-F2FE-410D-B797-CAAAB9DA7510} = {8E114553-1494-4BC5-A514-1403E820AA06}
		{F35386D6-9EDA-41B5-B274-3A41F209387F} = {F6E7C76B-6521-4A9C-9CE3-1C942CCF84E5}
		{3101EAE8-A4B1-400E-A6E2-1B7A1EFCBF35} = {F6E7C76B-6521-4A9C-9CE3-1C942CCF84E5}
		{420995CB-52E2-4069-B564-0947060586AC} = {F6E7C76B-6521-4A9C-9CE3-1C942CCF84E5}
		{055301D4-AADD-4FE5-8410-159BD51E6B94} = {F6E7C76B-6521-4A9C-9CE3-1C942CCF84E5}
		{A56E43B3-4610-45B3-A28C-3D54D66CD25B} = {F6E7C76B-6521-4A9C-9CE3-1C942CCF84E5}
		{9EA30B5E-5D42-4699-A0F2-EB56892CF0AC} = {F6E7C76B-6521-4A9C-9CE3-1C942CCF84E5}
		{EDAE349C-3B63-471A-B18F-73FB0E4B144A} = {A17F524B-0378-4D9F-9855-4736A8ED88B3}
		{B4FB7BFF-BD5E-40D0-9060-93688CE75C50} = {A17F524B-0378-4D9F-9855-4736A8ED88B3}
		{9BB84729-E34E-4723-89FF-6D5DC4FE9030} = {A17F524B-0378-4D9F-9855-4736A8ED88B3}
		{8F56F14D-A37F-4CD6-BAF9-66D1F136AE4D} = {A17F524B-0378-4D9F-9855-4736A8ED88B3}
		{1A221B54-99A0-452B-9D45-C6C657595457} = {A17F524B-0378-4D9F-9855-4736A8ED88B3}
		{1C7AA27B-71D7-45AC-A876-CAF02CF6F40D} = {FA57C847-DAF0-498A-AE1B-8E18E0FDD9FE}
		{E363ABD3-DCA1-4994-A538-9B50524EFD4A} = {FA57C847-DAF0-498A-AE1B-8E18E0FDD9FE}
		{EE69B241-8DD3-4307-A086-AEDC71091066} = {FA57C847-DAF0-498A-AE1B-8E18E0FDD9FE}
		{11B8D59C-8691-4CEC-BD4B-B964E0205EE9} = {FA57C847-DAF0-498A-AE1B-8E18E0FDD9FE}
		{22E52C20-A6F4-4B0E-AA68-410BC0231492} = {FA57C847-DAF0-498A-AE1B-8E18E0FDD9FE}
		{7C90A9A2-B578-4F60-967A-7F8BBC574CD2} = {0F7CEC04-6427-4479-8722-56F01C5D7E61}
		{B2D208DA-0791-4AD4-A357-72D343B36A30} = {0F7CEC04-6427-4479-8722-56F01C5D7E61}
		{F42709BF-1FB3-4121-9C4D-841E7D341DF9} = {0F7CEC04-6427-4479-8722-56F01C5D7E61}
		{2DBE808C-A559-4F50-8BD5-37176783ED1D} = {0F7CEC04-6427-4479-8722-56F01C5D7E61}
		{8EE52E37-211E-407B-9F47-2670914818B6} = {0F7CEC04-6427-4479-8722-56F01C5D7E61}
		{E55D5882-6A2E-43BF-87B1-E88034054994} = {3132621C-44F8-4C3B-B830-27E46B1A2637}
		{B5BED9F2-28D3-4097-B4BE-87A37686D148} = {3132621C-44F8-4C3B-B830-27E46B1A2637}
		{C0EF38B4-B1E9-476C-9387-8F26066B50DB} = {3132621C-44F8-4C3B-B830-27E46B1A2637}
		{4F36679B-F9D7-4EC0-8DF9-2842F5FA76C1} = {3132621C-44F8-4C3B-B830-27E46B1A2637}
		{35655B94-40E6-496A-8FAC-9C6549B2C6B3} = {3132621C-44F8-4C3B-B830-27E46B1A2637}
		{291521DC-21CF-47CF-9469-40EC10A0C071} = {3132621C-44F8-4C3B-B830-27E46B1A2637}
		{654B403D-5163-4453-8603-72BB097FDD52} = {3132621C-44F8-4C3B-B830-27E46B1A2637}
		{E1498AF0-01F2-49EF-B17D-F2BFD6D82CB2} = {3132621C-44F8-4C3B-B830-27E46B1A2637}
		{8885F68E-6CD1-4620-9A44-459EFDB8A26A} = {3132621C-44F8-4C3B-B830-27E46B1A2637}
		{21546487-8ACD-480C-A6E0-1BE4751E4909} = {3132621C-44F8-4C3B-B830-27E46B1A2637}
		{0E1FA831-115E-4327-8FC4-01A78FA839F7} = {3132621C-44F8-4C3B-B830-27E46B1A2637}
		{6BF2712D-B985-4AB6-87C0-7E679B478557} = {3132621C-44F8-4C3B-B830-27E46B1A2637}
		{5F7E25AA-307E-45FF-8D14-BAD3C3FB007C} = {3132621C-44F8-4C3B-B830-27E46B1A2637}
		{1C3A4539-CF33-4B69-AF98-E5BFBEE69F4D} = {3132621C-44F8-4C3B-B830-27E46B1A2637}
		{76A53B41-597C-4117-AC86-4BFB88D5374C} = {3132621C-44F8-4C3B-B830-27E46B1A2637}
		{F2EB4A26-A0C7-40D6-B95E-B8C500E8A10D} = {F3795441-6A58-42AE-AF6C-177028695F2D}
		{679DB65C-1E39-448E-8AAF-0DF9AF6B1D66} = {F3795441-6A58-42AE-AF6C-177028695F2D}
		{B03523AD-5C52-4C86-BC58-D5DCCD56181B} = {F3795441-6A58-42AE-AF6C-177028695F2D}
		{A10FC47C-657B-4637-B900-CD66B1CE1A62} = {24C80CB3-870F-45C2-A35F-91562549A8A8}
		{9B744515-94B8-44D6-BD62-F0B4927E8A3C} = {24C80CB3-870F-45C2-A35F-91562549A8A8}
		{1E3E5A1C-1172-4359-82CD-970A70605532} = {24C80CB3-870F-45C2-A35F-91562549A8A8}
		{6E53C9EE-AA05-4B33-86F5-E2C3B1FF64F3} = {24C80CB3-870F-45C2-A35F-91562549A8A8}
		{FD2C1B5F-29E6-41F0-9A10-80B0195D580B} = {24C80CB3-870F-45C2-A35F-91562549A8A8}
		{D483537B-3106-43C2-B96D-A8A8E90AD324} = {24C80CB3-870F-45C2-A35F-91562549A8A8}
		{87CA7DEE-5FC2-467C-9FF6-3F56618835A1} = {24C80CB3-870F-45C2-A35F-91562549A8A8}
		{4D81F53A-CE25-4B19-A193-23315BD3DA3A} = {24C80CB3-870F-45C2-A35F-91562549A8A8}
		{BA803F5B-1B29-47AC-AC7C-A3B99942DB0C} = {24C80CB3-870F-45C2-A35F-91562549A8A8}
		{D4602466-EF54-4641-9D5B-4938829422B5} = {24C80CB3-870F-45C2-A35F-91562549A8A8}
		{A7F175EF-73C5-45B3-B272-7552F08E796B} = {24C80CB3-870F-45C2-A35F-91562549A8A8}
		{F58D5FFE-9DC8-4AED-A68F-3F772EEC04CA} = {24C80CB3-870F-45C2-A35F-91562549A8A8}
		{A39F2144-2CC9-4A34-81EB-D7425E84968E} = {DC72338E-74D5-4053-A9C1-E1EE93733749}
		{5232BAC2-975A-4E96-84C5-C29AAA049E32} = {ADF8E961-3114-44B5-B74A-5839CDE425D4}
		{17ED4DD8-EB63-4E09-84C2-B152D89535B8} = {ADF8E961-3114-44B5-B74A-5839CDE425D4}
		{7AFCCA6C-DFDC-4E10-8E2A-2B23ACAF9867} = {ADF8E961-3114-44B5-B74A-5839CDE425D4}
		{878A97D7-36E2-468F-9273-1F3F0EA2EF87} = {4D11D471-58E3-4B87-B1F1-108140D7A834}
		{9B1F5E51-5618-474C-8D51-146E49CBC35B} = {4D11D471-58E3-4B87-B1F1-108140D7A834}
		{942321A9-9206-48A4-A410-3E3B1F57B604} = {4D11D471-58E3-4B87-B1F1-108140D7A834}
		{28577F80-2388-4FE1-A823-662D68E32609} = {4D11D471-58E3-4B87-B1F1-108140D7A834}
		{9A9B65E8-1FB8-49BC-A1EE-9A12280EE85A} = {4D11D471-58E3-4B87-B1F1-108140D7A834}
		{E62B2285-DA34-4F94-928C-AE33F7D17997} = {4D11D471-58E3-4B87-B1F1-108140D7A834}
		{E6DAAA1B-169D-4255-A90E-4936F5CF21E2} = {4D11D471-58E3-4B87-B1F1-108140D7A834}
	EndGlobalSection
	GlobalSection(ExtensibilityGlobals) = postSolution
		SolutionGuid = {2BADC9A8-C7FB-4209-8BB5-2B79BAAC0089}
	EndGlobalSection
EndGlobal
