
Microsoft Visual Studio Solution File, Format Version 12.00
# Visual Studio Version 16
VisualStudioVersion = 16.0.30114.105
MinimumVisualStudioVersion = 10.0.40219.1
Project("{9A19103F-16F7-4668-BE54-9A1E7A4F7556}") = "CursoCSharp_1", "CursoCSharp_1\CursoCSharp_1.csproj", "{59CF8276-1A5B-447C-BCA7-4F517C60680E}"
EndProject
Project("{9A19103F-16F7-4668-BE54-9A1E7A4F7556}") = "CursoCSharp_8_while", "CursoCSharp_8_while\CursoCSharp_8_while.csproj", "{5AB4826F-EA94-441A-B332-724752E81E49}"
EndProject
Project("{9A19103F-16F7-4668-BE54-9A1E7A4F7556}") = "CursoCSharp_2_variables", "CursoCSharp_2_variables\CursoCSharp_2_variables.csproj", "{5C4762AD-786E-4B6A-9E47-345E18DF0E4E}"
EndProject
Project("{9A19103F-16F7-4668-BE54-9A1E7A4F7556}") = "CursoCSharp_3_Nomenclatura", "CursoCSharp_3_Nomenclatura\CursoCSharp_3_Nomenclatura.csproj", "{5E710851-0DF3-43C2-A9E6-7D57C5B37796}"
EndProject
Project("{9A19103F-16F7-4668-BE54-9A1E7A4F7556}") = "CursoCSharp_4_constantes", "CursoCSharp_4_constantes\CursoCSharp_4_constantes.csproj", "{15902DCC-7063-4851-8F12-F8612EA29CFC}"
EndProject
Project("{9A19103F-16F7-4668-BE54-9A1E7A4F7556}") = "CursoCSharp_if_else", "CursoCSharp_if_else\CursoCSharp_if_else.csproj", "{E2AAF491-3E10-40CA-865B-99327FBAF4CD}"
EndProject
Project("{9A19103F-16F7-4668-BE54-9A1E7A4F7556}") = "CursoCSharp_6_switch", "CursoCSharp_6_switch\CursoCSharp_6_switch.csproj", "{465C3DE6-AB4A-4C17-A610-F181FEC12605}"
EndProject
Project("{9A19103F-16F7-4668-BE54-9A1E7A4F7556}") = "CursoCSharp_7_do", "CursoCSharp_7_do\CursoCSharp_7_do.csproj", "{EAFE0945-FAFB-44C5-B69D-6125483507A3}"
EndProject
Project("{9A19103F-16F7-4668-BE54-9A1E7A4F7556}") = "CursoCSharp_9_for", "CursoCSharp_9_for\CursoCSharp_9_for.csproj", "{A8B0C10D-2C07-47A6-BCE2-D5FFE55390BA}"
EndProject
Project("{9A19103F-16F7-4668-BE54-9A1E7A4F7556}") = "CursoCSharp_10_foreach", "CursoCSharp_10_foreach\CursoCSharp_10_foreach.csproj", "{35038ACD-6288-4588-A05C-5F441C956804}"
EndProject
Project("{9A19103F-16F7-4668-BE54-9A1E7A4F7556}") = "CursoCSharp_11_operadores", "CursoCSharp_11_operadores\CursoCSharp_11_operadores.csproj", "{F3E0F4C1-189E-4F6B-B7A2-1DF089F74C2F}"
EndProject
Project("{9A19103F-16F7-4668-BE54-9A1E7A4F7556}") = "CursoCSharp_12_leyendo_argumentos", "CursoCSharp_12_leyendo_argumentos\CursoCSharp_12_leyendo_argumentos.csproj", "{27772AB8-460C-4C96-8103-0DAA03F8CC6E}"
EndProject
Project("{9A19103F-16F7-4668-BE54-9A1E7A4F7556}") = "CursoCSharp_13_arrays", "CursoCSharp_13_arrays\CursoCSharp_13_arrays.csproj", "{8D483C28-9D91-411D-AC90-1DB33D1100BC}"
EndProject
Project("{9A19103F-16F7-4668-BE54-9A1E7A4F7556}") = "CursoCSharp_14_conversiones_tipo", "CursoCSharp_14_conversiones_tipo\CursoCSharp_14_conversiones_tipo.csproj", "{C41F583E-24BA-4B74-BB86-FCB15696E2B7}"
EndProject
Project("{9A19103F-16F7-4668-BE54-9A1E7A4F7556}") = "CursoCSharp_ejercicios", "CursoCSharp_ejercicios\CursoCSharp_ejercicios.csproj", "{FA31CAF8-F2FE-410D-B797-CAAAB9DA7510}"
EndProject
Project("{2150E333-8FDC-42A3-9474-1A3956D46DE8}") = "Metodos y funciones", "Metodos y funciones", "{F6E7C76B-6521-4A9C-9CE3-1C942CCF84E5}"
EndProject
Project("{2150E333-8FDC-42A3-9474-1A3956D46DE8}") = "Introduccion a C Sharp", "Introduccion a C Sharp", "{8E114553-1494-4BC5-A514-1403E820AA06}"
EndProject
Project("{9A19103F-16F7-4668-BE54-9A1E7A4F7556}") = "CursoCSharp_1_metodos", "CursoCSharp_metodos\CursoCSharp_1_metodos.csproj", "{F35386D6-9EDA-41B5-B274-3A41F209387F}"
EndProject
Project("{9A19103F-16F7-4668-BE54-9A1E7A4F7556}") = "CursoCSharp_2_procedimientos _funciones", "CursoCSharp_2_procedimientos _funciones\CursoCSharp_2_procedimientos _funciones.csproj", "{3101EAE8-A4B1-400E-A6E2-1B7A1EFCBF35}"
EndProject
Project("{9A19103F-16F7-4668-BE54-9A1E7A4F7556}") = "CursoCSharp_3_funciones", "CursoCSharp3_funciones\CursoCSharp_3_funciones.csproj", "{420995CB-52E2-4069-B564-0947060586AC}"
EndProject
Project("{9A19103F-16F7-4668-BE54-9A1E7A4F7556}") = "CursoCSharp_4_Paso_valor_referencia", "CursoCSharp_4_Paso_valor_referencia\CursoCSharp_4_Paso_valor_referencia.csproj", "{055301D4-AADD-4FE5-8410-159BD51E6B94}"
EndProject
Project("{9A19103F-16F7-4668-BE54-9A1E7A4F7556}") = "CursoCSharp_5_funciones_locales", "CursoCSharp_5_funciones_locales\CursoCSharp_5_funciones_locales.csproj", "{A56E43B3-4610-45B3-A28C-3D54D66CD25B}"
EndProject
Project("{9A19103F-16F7-4668-BE54-9A1E7A4F7556}") = "CursoCSharp_6_ejemplo_funciones", "CursoCSharp_6_ejemplo_funciones\CursoCSharp_6_ejemplo_funciones.csproj", "{9EA30B5E-5D42-4699-A0F2-EB56892CF0AC}"
EndProject
Project("{2150E333-8FDC-42A3-9474-1A3956D46DE8}") = "Cadenas", "Cadenas", "{A17F524B-0378-4D9F-9855-4736A8ED88B3}"
EndProject
Project("{9A19103F-16F7-4668-BE54-9A1E7A4F7556}") = "CursoCSharp_1_cadenas", "CursoCSharp_1_cadenas\CursoCSharp_1_cadenas.csproj", "{EDAE349C-3B63-471A-B18F-73FB0E4B144A}"
EndProject
Project("{9A19103F-16F7-4668-BE54-9A1E7A4F7556}") = "CursoCSharp_2_formato_fecha", "CursoCSharp_2_formato_fecha\CursoCSharp_2_formato_fecha.csproj", "{B4FB7BFF-BD5E-40D0-9060-93688CE75C50}"
EndProject
Project("{9A19103F-16F7-4668-BE54-9A1E7A4F7556}") = "CursoCSharp_3_concatenar_cadenas", "CursoCSharp_3_concatenar_cadenas\CursoCSharp_3_concatenar_cadenas.csproj", "{9BB84729-E34E-4723-89FF-6D5DC4FE9030}"
EndProject
Project("{9A19103F-16F7-4668-BE54-9A1E7A4F7556}") = "CursoCSharp_4_stringbuilder", "CursoCSharp_4_stringbuilder\CursoCSharp_4_stringbuilder.csproj", "{8F56F14D-A37F-4CD6-BAF9-66D1F136AE4D}"
EndProject
Project("{9A19103F-16F7-4668-BE54-9A1E7A4F7556}") = "CursoCSharp_5_operaciones_cadenas", "CursoCSharp_5_operaciones_cadenas\CursoCSharp_5_operaciones_cadenas.csproj", "{1A221B54-99A0-452B-9D45-C6C657595457}"
EndProject
Project("{2150E333-8FDC-42A3-9474-1A3956D46DE8}") = "Colecciones", "Colecciones", "{FA57C847-DAF0-498A-AE1B-8E18E0FDD9FE}"
EndProject
Project("{9A19103F-16F7-4668-BE54-9A1E7A4F7556}") = "CursoCSharp_1_colecciones", "CursoCSharp_1_colecciones\CursoCSharp_1_colecciones.csproj", "{1C7AA27B-71D7-45AC-A876-CAF02CF6F40D}"
EndProject
Project("{9A19103F-16F7-4668-BE54-9A1E7A4F7556}") = "CursoCSharp_2_arraylist", "CursoCSharp_2_arraylist\CursoCSharp_2_arraylist.csproj", "{E363ABD3-DCA1-4994-A538-9B50524EFD4A}"
EndProject
Project("{9A19103F-16F7-4668-BE54-9A1E7A4F7556}") = "CursoCSharp_3_pila", "CursoCSharp_3_pila\CursoCSharp_3_pila.csproj", "{EE69B241-8DD3-4307-A086-AEDC71091066}"
EndProject
Project("{9A19103F-16F7-4668-BE54-9A1E7A4F7556}") = "CursoCSharp_4_queue", "CursoCSharp_4_queue\CursoCSharp_4_queue.csproj", "{11B8D59C-8691-4CEC-BD4B-B964E0205EE9}"
EndProject
Project("{9A19103F-16F7-4668-BE54-9A1E7A4F7556}") = "CursoCSharp_5_hashtable", "CursoCSharp_5_hashtable\CursoCSharp_5_hashtable.csproj", "{22E52C20-A6F4-4B0E-AA68-410BC0231492}"
EndProject
Project("{2150E333-8FDC-42A3-9474-1A3956D46DE8}") = "Programacion Orientada a Objetos", "Programacion Orientada a Objetos", "{0F7CEC04-6427-4479-8722-56F01C5D7E61}"
EndProject
Project("{9A19103F-16F7-4668-BE54-9A1E7A4F7556}") = "CursoCSharp_1_clases_objetos", "CursoCSharp_1_clases_objetos\CursoCSharp_1_clases_objetos.csproj", "{7C90A9A2-B578-4F60-967A-7F8BBC574CD2}"
EndProject
Project("{9A19103F-16F7-4668-BE54-9A1E7A4F7556}") = "CursoCSharp_2_abstraccion", "CursoCSharp_2_abstraccion\CursoCSharp_2_abstraccion.csproj", "{B2D208DA-0791-4AD4-A357-72D343B36A30}"
EndProject
Project("{9A19103F-16F7-4668-BE54-9A1E7A4F7556}") = "CursoCSharp_4_encapsulacion", "CursoCSharp_4_encapsulacion\CursoCSharp_4_encapsulacion.csproj", "{F42709BF-1FB3-4121-9C4D-841E7D341DF9}"
EndProject
Project("{FAE04EC0-301F-11D3-BF4B-00C04F79EFBC}") = "CursoCSharp_5_herencia", "CursoCSharp_5_herencia\CursoCSharp_5_herencia.csproj", "{2DBE808C-A559-4F50-8BD5-37176783ED1D}"
EndProject
Project("{FAE04EC0-301F-11D3-BF4B-00C04F79EFBC}") = "CursoCSharp_6_polimorfismo", "CursoCSharp_6_polimorfismo\CursoCSharp_6_polimorfismo.csproj", "{8EE52E37-211E-407B-9F47-2670914818B6}"
EndProject
Global
	GlobalSection(SolutionConfigurationPlatforms) = preSolution
		Debug|Any CPU = Debug|Any CPU
		Release|Any CPU = Release|Any CPU
	EndGlobalSection
	GlobalSection(ProjectConfigurationPlatforms) = postSolution
		{59CF8276-1A5B-447C-BCA7-4F517C60680E}.Debug|Any CPU.ActiveCfg = Debug|Any CPU
		{59CF8276-1A5B-447C-BCA7-4F517C60680E}.Debug|Any CPU.Build.0 = Debug|Any CPU
		{59CF8276-1A5B-447C-BCA7-4F517C60680E}.Release|Any CPU.ActiveCfg = Release|Any CPU
		{59CF8276-1A5B-447C-BCA7-4F517C60680E}.Release|Any CPU.Build.0 = Release|Any CPU
		{5AB4826F-EA94-441A-B332-724752E81E49}.Debug|Any CPU.ActiveCfg = Debug|Any CPU
		{5AB4826F-EA94-441A-B332-724752E81E49}.Debug|Any CPU.Build.0 = Debug|Any CPU
		{5AB4826F-EA94-441A-B332-724752E81E49}.Release|Any CPU.ActiveCfg = Release|Any CPU
		{5AB4826F-EA94-441A-B332-724752E81E49}.Release|Any CPU.Build.0 = Release|Any CPU
		{5C4762AD-786E-4B6A-9E47-345E18DF0E4E}.Debug|Any CPU.ActiveCfg = Debug|Any CPU
		{5C4762AD-786E-4B6A-9E47-345E18DF0E4E}.Debug|Any CPU.Build.0 = Debug|Any CPU
		{5C4762AD-786E-4B6A-9E47-345E18DF0E4E}.Release|Any CPU.ActiveCfg = Release|Any CPU
		{5C4762AD-786E-4B6A-9E47-345E18DF0E4E}.Release|Any CPU.Build.0 = Release|Any CPU
		{5E710851-0DF3-43C2-A9E6-7D57C5B37796}.Debug|Any CPU.ActiveCfg = Debug|Any CPU
		{5E710851-0DF3-43C2-A9E6-7D57C5B37796}.Debug|Any CPU.Build.0 = Debug|Any CPU
		{5E710851-0DF3-43C2-A9E6-7D57C5B37796}.Release|Any CPU.ActiveCfg = Release|Any CPU
		{5E710851-0DF3-43C2-A9E6-7D57C5B37796}.Release|Any CPU.Build.0 = Release|Any CPU
		{15902DCC-7063-4851-8F12-F8612EA29CFC}.Debug|Any CPU.ActiveCfg = Debug|Any CPU
		{15902DCC-7063-4851-8F12-F8612EA29CFC}.Debug|Any CPU.Build.0 = Debug|Any CPU
		{15902DCC-7063-4851-8F12-F8612EA29CFC}.Release|Any CPU.ActiveCfg = Release|Any CPU
		{15902DCC-7063-4851-8F12-F8612EA29CFC}.Release|Any CPU.Build.0 = Release|Any CPU
		{E2AAF491-3E10-40CA-865B-99327FBAF4CD}.Debug|Any CPU.ActiveCfg = Debug|Any CPU
		{E2AAF491-3E10-40CA-865B-99327FBAF4CD}.Debug|Any CPU.Build.0 = Debug|Any CPU
		{E2AAF491-3E10-40CA-865B-99327FBAF4CD}.Release|Any CPU.ActiveCfg = Release|Any CPU
		{E2AAF491-3E10-40CA-865B-99327FBAF4CD}.Release|Any CPU.Build.0 = Release|Any CPU
		{465C3DE6-AB4A-4C17-A610-F181FEC12605}.Debug|Any CPU.ActiveCfg = Debug|Any CPU
		{465C3DE6-AB4A-4C17-A610-F181FEC12605}.Debug|Any CPU.Build.0 = Debug|Any CPU
		{465C3DE6-AB4A-4C17-A610-F181FEC12605}.Release|Any CPU.ActiveCfg = Release|Any CPU
		{465C3DE6-AB4A-4C17-A610-F181FEC12605}.Release|Any CPU.Build.0 = Release|Any CPU
		{EAFE0945-FAFB-44C5-B69D-6125483507A3}.Debug|Any CPU.ActiveCfg = Debug|Any CPU
		{EAFE0945-FAFB-44C5-B69D-6125483507A3}.Debug|Any CPU.Build.0 = Debug|Any CPU
		{EAFE0945-FAFB-44C5-B69D-6125483507A3}.Release|Any CPU.ActiveCfg = Release|Any CPU
		{EAFE0945-FAFB-44C5-B69D-6125483507A3}.Release|Any CPU.Build.0 = Release|Any CPU
		{A8B0C10D-2C07-47A6-BCE2-D5FFE55390BA}.Debug|Any CPU.ActiveCfg = Debug|Any CPU
		{A8B0C10D-2C07-47A6-BCE2-D5FFE55390BA}.Debug|Any CPU.Build.0 = Debug|Any CPU
		{A8B0C10D-2C07-47A6-BCE2-D5FFE55390BA}.Release|Any CPU.ActiveCfg = Release|Any CPU
		{A8B0C10D-2C07-47A6-BCE2-D5FFE55390BA}.Release|Any CPU.Build.0 = Release|Any CPU
		{35038ACD-6288-4588-A05C-5F441C956804}.Debug|Any CPU.ActiveCfg = Debug|Any CPU
		{35038ACD-6288-4588-A05C-5F441C956804}.Debug|Any CPU.Build.0 = Debug|Any CPU
		{35038ACD-6288-4588-A05C-5F441C956804}.Release|Any CPU.ActiveCfg = Release|Any CPU
		{35038ACD-6288-4588-A05C-5F441C956804}.Release|Any CPU.Build.0 = Release|Any CPU
		{F3E0F4C1-189E-4F6B-B7A2-1DF089F74C2F}.Debug|Any CPU.ActiveCfg = Debug|Any CPU
		{F3E0F4C1-189E-4F6B-B7A2-1DF089F74C2F}.Debug|Any CPU.Build.0 = Debug|Any CPU
		{F3E0F4C1-189E-4F6B-B7A2-1DF089F74C2F}.Release|Any CPU.ActiveCfg = Release|Any CPU
		{F3E0F4C1-189E-4F6B-B7A2-1DF089F74C2F}.Release|Any CPU.Build.0 = Release|Any CPU
		{27772AB8-460C-4C96-8103-0DAA03F8CC6E}.Debug|Any CPU.ActiveCfg = Debug|Any CPU
		{27772AB8-460C-4C96-8103-0DAA03F8CC6E}.Debug|Any CPU.Build.0 = Debug|Any CPU
		{27772AB8-460C-4C96-8103-0DAA03F8CC6E}.Release|Any CPU.ActiveCfg = Release|Any CPU
		{27772AB8-460C-4C96-8103-0DAA03F8CC6E}.Release|Any CPU.Build.0 = Release|Any CPU
		{8D483C28-9D91-411D-AC90-1DB33D1100BC}.Debug|Any CPU.ActiveCfg = Debug|Any CPU
		{8D483C28-9D91-411D-AC90-1DB33D1100BC}.Debug|Any CPU.Build.0 = Debug|Any CPU
		{8D483C28-9D91-411D-AC90-1DB33D1100BC}.Release|Any CPU.ActiveCfg = Release|Any CPU
		{8D483C28-9D91-411D-AC90-1DB33D1100BC}.Release|Any CPU.Build.0 = Release|Any CPU
		{C41F583E-24BA-4B74-BB86-FCB15696E2B7}.Debug|Any CPU.ActiveCfg = Debug|Any CPU
		{C41F583E-24BA-4B74-BB86-FCB15696E2B7}.Debug|Any CPU.Build.0 = Debug|Any CPU
		{C41F583E-24BA-4B74-BB86-FCB15696E2B7}.Release|Any CPU.ActiveCfg = Release|Any CPU
		{C41F583E-24BA-4B74-BB86-FCB15696E2B7}.Release|Any CPU.Build.0 = Release|Any CPU
		{FA31CAF8-F2FE-410D-B797-CAAAB9DA7510}.Debug|Any CPU.ActiveCfg = Debug|Any CPU
		{FA31CAF8-F2FE-410D-B797-CAAAB9DA7510}.Debug|Any CPU.Build.0 = Debug|Any CPU
		{FA31CAF8-F2FE-410D-B797-CAAAB9DA7510}.Release|Any CPU.ActiveCfg = Release|Any CPU
		{FA31CAF8-F2FE-410D-B797-CAAAB9DA7510}.Release|Any CPU.Build.0 = Release|Any CPU
		{F35386D6-9EDA-41B5-B274-3A41F209387F}.Debug|Any CPU.ActiveCfg = Debug|Any CPU
		{F35386D6-9EDA-41B5-B274-3A41F209387F}.Debug|Any CPU.Build.0 = Debug|Any CPU
		{F35386D6-9EDA-41B5-B274-3A41F209387F}.Release|Any CPU.ActiveCfg = Release|Any CPU
		{F35386D6-9EDA-41B5-B274-3A41F209387F}.Release|Any CPU.Build.0 = Release|Any CPU
		{3101EAE8-A4B1-400E-A6E2-1B7A1EFCBF35}.Debug|Any CPU.ActiveCfg = Debug|Any CPU
		{3101EAE8-A4B1-400E-A6E2-1B7A1EFCBF35}.Debug|Any CPU.Build.0 = Debug|Any CPU
		{3101EAE8-A4B1-400E-A6E2-1B7A1EFCBF35}.Release|Any CPU.ActiveCfg = Release|Any CPU
		{3101EAE8-A4B1-400E-A6E2-1B7A1EFCBF35}.Release|Any CPU.Build.0 = Release|Any CPU
		{420995CB-52E2-4069-B564-0947060586AC}.Debug|Any CPU.ActiveCfg = Debug|Any CPU
		{420995CB-52E2-4069-B564-0947060586AC}.Debug|Any CPU.Build.0 = Debug|Any CPU
		{420995CB-52E2-4069-B564-0947060586AC}.Release|Any CPU.ActiveCfg = Release|Any CPU
		{420995CB-52E2-4069-B564-0947060586AC}.Release|Any CPU.Build.0 = Release|Any CPU
		{055301D4-AADD-4FE5-8410-159BD51E6B94}.Debug|Any CPU.ActiveCfg = Debug|Any CPU
		{055301D4-AADD-4FE5-8410-159BD51E6B94}.Debug|Any CPU.Build.0 = Debug|Any CPU
		{055301D4-AADD-4FE5-8410-159BD51E6B94}.Release|Any CPU.ActiveCfg = Release|Any CPU
		{055301D4-AADD-4FE5-8410-159BD51E6B94}.Release|Any CPU.Build.0 = Release|Any CPU
		{A56E43B3-4610-45B3-A28C-3D54D66CD25B}.Debug|Any CPU.ActiveCfg = Debug|Any CPU
		{A56E43B3-4610-45B3-A28C-3D54D66CD25B}.Debug|Any CPU.Build.0 = Debug|Any CPU
		{A56E43B3-4610-45B3-A28C-3D54D66CD25B}.Release|Any CPU.ActiveCfg = Release|Any CPU
		{A56E43B3-4610-45B3-A28C-3D54D66CD25B}.Release|Any CPU.Build.0 = Release|Any CPU
		{9EA30B5E-5D42-4699-A0F2-EB56892CF0AC}.Debug|Any CPU.ActiveCfg = Debug|Any CPU
		{9EA30B5E-5D42-4699-A0F2-EB56892CF0AC}.Debug|Any CPU.Build.0 = Debug|Any CPU
		{9EA30B5E-5D42-4699-A0F2-EB56892CF0AC}.Release|Any CPU.ActiveCfg = Release|Any CPU
		{9EA30B5E-5D42-4699-A0F2-EB56892CF0AC}.Release|Any CPU.Build.0 = Release|Any CPU
		{EDAE349C-3B63-471A-B18F-73FB0E4B144A}.Debug|Any CPU.ActiveCfg = Debug|Any CPU
		{EDAE349C-3B63-471A-B18F-73FB0E4B144A}.Debug|Any CPU.Build.0 = Debug|Any CPU
		{EDAE349C-3B63-471A-B18F-73FB0E4B144A}.Release|Any CPU.ActiveCfg = Release|Any CPU
		{EDAE349C-3B63-471A-B18F-73FB0E4B144A}.Release|Any CPU.Build.0 = Release|Any CPU
		{B4FB7BFF-BD5E-40D0-9060-93688CE75C50}.Debug|Any CPU.ActiveCfg = Debug|Any CPU
		{B4FB7BFF-BD5E-40D0-9060-93688CE75C50}.Debug|Any CPU.Build.0 = Debug|Any CPU
		{B4FB7BFF-BD5E-40D0-9060-93688CE75C50}.Release|Any CPU.ActiveCfg = Release|Any CPU
		{B4FB7BFF-BD5E-40D0-9060-93688CE75C50}.Release|Any CPU.Build.0 = Release|Any CPU
		{9BB84729-E34E-4723-89FF-6D5DC4FE9030}.Debug|Any CPU.ActiveCfg = Debug|Any CPU
		{9BB84729-E34E-4723-89FF-6D5DC4FE9030}.Debug|Any CPU.Build.0 = Debug|Any CPU
		{9BB84729-E34E-4723-89FF-6D5DC4FE9030}.Release|Any CPU.ActiveCfg = Release|Any CPU
		{9BB84729-E34E-4723-89FF-6D5DC4FE9030}.Release|Any CPU.Build.0 = Release|Any CPU
		{8F56F14D-A37F-4CD6-BAF9-66D1F136AE4D}.Debug|Any CPU.ActiveCfg = Debug|Any CPU
		{8F56F14D-A37F-4CD6-BAF9-66D1F136AE4D}.Debug|Any CPU.Build.0 = Debug|Any CPU
		{8F56F14D-A37F-4CD6-BAF9-66D1F136AE4D}.Release|Any CPU.ActiveCfg = Release|Any CPU
		{8F56F14D-A37F-4CD6-BAF9-66D1F136AE4D}.Release|Any CPU.Build.0 = Release|Any CPU
		{1A221B54-99A0-452B-9D45-C6C657595457}.Debug|Any CPU.ActiveCfg = Debug|Any CPU
		{1A221B54-99A0-452B-9D45-C6C657595457}.Debug|Any CPU.Build.0 = Debug|Any CPU
		{1A221B54-99A0-452B-9D45-C6C657595457}.Release|Any CPU.ActiveCfg = Release|Any CPU
		{1A221B54-99A0-452B-9D45-C6C657595457}.Release|Any CPU.Build.0 = Release|Any CPU
		{1C7AA27B-71D7-45AC-A876-CAF02CF6F40D}.Debug|Any CPU.ActiveCfg = Debug|Any CPU
		{1C7AA27B-71D7-45AC-A876-CAF02CF6F40D}.Debug|Any CPU.Build.0 = Debug|Any CPU
		{1C7AA27B-71D7-45AC-A876-CAF02CF6F40D}.Release|Any CPU.ActiveCfg = Release|Any CPU
		{1C7AA27B-71D7-45AC-A876-CAF02CF6F40D}.Release|Any CPU.Build.0 = Release|Any CPU
		{E363ABD3-DCA1-4994-A538-9B50524EFD4A}.Debug|Any CPU.ActiveCfg = Debug|Any CPU
		{E363ABD3-DCA1-4994-A538-9B50524EFD4A}.Debug|Any CPU.Build.0 = Debug|Any CPU
		{E363ABD3-DCA1-4994-A538-9B50524EFD4A}.Release|Any CPU.ActiveCfg = Release|Any CPU
		{E363ABD3-DCA1-4994-A538-9B50524EFD4A}.Release|Any CPU.Build.0 = Release|Any CPU
		{EE69B241-8DD3-4307-A086-AEDC71091066}.Debug|Any CPU.ActiveCfg = Debug|Any CPU
		{EE69B241-8DD3-4307-A086-AEDC71091066}.Debug|Any CPU.Build.0 = Debug|Any CPU
		{EE69B241-8DD3-4307-A086-AEDC71091066}.Release|Any CPU.ActiveCfg = Release|Any CPU
		{EE69B241-8DD3-4307-A086-AEDC71091066}.Release|Any CPU.Build.0 = Release|Any CPU
		{11B8D59C-8691-4CEC-BD4B-B964E0205EE9}.Debug|Any CPU.ActiveCfg = Debug|Any CPU
		{11B8D59C-8691-4CEC-BD4B-B964E0205EE9}.Debug|Any CPU.Build.0 = Debug|Any CPU
		{11B8D59C-8691-4CEC-BD4B-B964E0205EE9}.Release|Any CPU.ActiveCfg = Release|Any CPU
		{11B8D59C-8691-4CEC-BD4B-B964E0205EE9}.Release|Any CPU.Build.0 = Release|Any CPU
		{22E52C20-A6F4-4B0E-AA68-410BC0231492}.Debug|Any CPU.ActiveCfg = Debug|Any CPU
		{22E52C20-A6F4-4B0E-AA68-410BC0231492}.Debug|Any CPU.Build.0 = Debug|Any CPU
		{22E52C20-A6F4-4B0E-AA68-410BC0231492}.Release|Any CPU.ActiveCfg = Release|Any CPU
		{22E52C20-A6F4-4B0E-AA68-410BC0231492}.Release|Any CPU.Build.0 = Release|Any CPU
		{7C90A9A2-B578-4F60-967A-7F8BBC574CD2}.Debug|Any CPU.ActiveCfg = Debug|Any CPU
		{7C90A9A2-B578-4F60-967A-7F8BBC574CD2}.Debug|Any CPU.Build.0 = Debug|Any CPU
		{7C90A9A2-B578-4F60-967A-7F8BBC574CD2}.Release|Any CPU.ActiveCfg = Release|Any CPU
		{7C90A9A2-B578-4F60-967A-7F8BBC574CD2}.Release|Any CPU.Build.0 = Release|Any CPU
		{B2D208DA-0791-4AD4-A357-72D343B36A30}.Debug|Any CPU.ActiveCfg = Debug|Any CPU
		{B2D208DA-0791-4AD4-A357-72D343B36A30}.Debug|Any CPU.Build.0 = Debug|Any CPU
		{B2D208DA-0791-4AD4-A357-72D343B36A30}.Release|Any CPU.ActiveCfg = Release|Any CPU
		{B2D208DA-0791-4AD4-A357-72D343B36A30}.Release|Any CPU.Build.0 = Release|Any CPU
		{F42709BF-1FB3-4121-9C4D-841E7D341DF9}.Debug|Any CPU.ActiveCfg = Debug|Any CPU
		{F42709BF-1FB3-4121-9C4D-841E7D341DF9}.Debug|Any CPU.Build.0 = Debug|Any CPU
		{F42709BF-1FB3-4121-9C4D-841E7D341DF9}.Release|Any CPU.ActiveCfg = Release|Any CPU
		{F42709BF-1FB3-4121-9C4D-841E7D341DF9}.Release|Any CPU.Build.0 = Release|Any CPU
		{2DBE808C-A559-4F50-8BD5-37176783ED1D}.Debug|Any CPU.ActiveCfg = Debug|Any CPU
		{2DBE808C-A559-4F50-8BD5-37176783ED1D}.Debug|Any CPU.Build.0 = Debug|Any CPU
		{2DBE808C-A559-4F50-8BD5-37176783ED1D}.Release|Any CPU.ActiveCfg = Release|Any CPU
		{2DBE808C-A559-4F50-8BD5-37176783ED1D}.Release|Any CPU.Build.0 = Release|Any CPU
		{8EE52E37-211E-407B-9F47-2670914818B6}.Debug|Any CPU.ActiveCfg = Debug|Any CPU
		{8EE52E37-211E-407B-9F47-2670914818B6}.Debug|Any CPU.Build.0 = Debug|Any CPU
		{8EE52E37-211E-407B-9F47-2670914818B6}.Release|Any CPU.ActiveCfg = Release|Any CPU
		{8EE52E37-211E-407B-9F47-2670914818B6}.Release|Any CPU.Build.0 = Release|Any CPU
	EndGlobalSection
	GlobalSection(SolutionProperties) = preSolution
		HideSolutionNode = FALSE
	EndGlobalSection
	GlobalSection(NestedProjects) = preSolution
		{59CF8276-1A5B-447C-BCA7-4F517C60680E} = {8E114553-1494-4BC5-A514-1403E820AA06}
		{5AB4826F-EA94-441A-B332-724752E81E49} = {8E114553-1494-4BC5-A514-1403E820AA06}
		{5C4762AD-786E-4B6A-9E47-345E18DF0E4E} = {8E114553-1494-4BC5-A514-1403E820AA06}
		{5E710851-0DF3-43C2-A9E6-7D57C5B37796} = {8E114553-1494-4BC5-A514-1403E820AA06}
		{15902DCC-7063-4851-8F12-F8612EA29CFC} = {8E114553-1494-4BC5-A514-1403E820AA06}
		{E2AAF491-3E10-40CA-865B-99327FBAF4CD} = {8E114553-1494-4BC5-A514-1403E820AA06}
		{465C3DE6-AB4A-4C17-A610-F181FEC12605} = {8E114553-1494-4BC5-A514-1403E820AA06}
		{EAFE0945-FAFB-44C5-B69D-6125483507A3} = {8E114553-1494-4BC5-A514-1403E820AA06}
		{A8B0C10D-2C07-47A6-BCE2-D5FFE55390BA} = {8E114553-1494-4BC5-A514-1403E820AA06}
		{35038ACD-6288-4588-A05C-5F441C956804} = {8E114553-1494-4BC5-A514-1403E820AA06}
		{F3E0F4C1-189E-4F6B-B7A2-1DF089F74C2F} = {8E114553-1494-4BC5-A514-1403E820AA06}
		{27772AB8-460C-4C96-8103-0DAA03F8CC6E} = {8E114553-1494-4BC5-A514-1403E820AA06}
		{8D483C28-9D91-411D-AC90-1DB33D1100BC} = {8E114553-1494-4BC5-A514-1403E820AA06}
		{C41F583E-24BA-4B74-BB86-FCB15696E2B7} = {8E114553-1494-4BC5-A514-1403E820AA06}
		{FA31CAF8-F2FE-410D-B797-CAAAB9DA7510} = {8E114553-1494-4BC5-A514-1403E820AA06}
		{F35386D6-9EDA-41B5-B274-3A41F209387F} = {F6E7C76B-6521-4A9C-9CE3-1C942CCF84E5}
		{3101EAE8-A4B1-400E-A6E2-1B7A1EFCBF35} = {F6E7C76B-6521-4A9C-9CE3-1C942CCF84E5}
		{420995CB-52E2-4069-B564-0947060586AC} = {F6E7C76B-6521-4A9C-9CE3-1C942CCF84E5}
		{055301D4-AADD-4FE5-8410-159BD51E6B94} = {F6E7C76B-6521-4A9C-9CE3-1C942CCF84E5}
		{A56E43B3-4610-45B3-A28C-3D54D66CD25B} = {F6E7C76B-6521-4A9C-9CE3-1C942CCF84E5}
		{9EA30B5E-5D42-4699-A0F2-EB56892CF0AC} = {F6E7C76B-6521-4A9C-9CE3-1C942CCF84E5}
		{EDAE349C-3B63-471A-B18F-73FB0E4B144A} = {A17F524B-0378-4D9F-9855-4736A8ED88B3}
		{B4FB7BFF-BD5E-40D0-9060-93688CE75C50} = {A17F524B-0378-4D9F-9855-4736A8ED88B3}
		{9BB84729-E34E-4723-89FF-6D5DC4FE9030} = {A17F524B-0378-4D9F-9855-4736A8ED88B3}
		{8F56F14D-A37F-4CD6-BAF9-66D1F136AE4D} = {A17F524B-0378-4D9F-9855-4736A8ED88B3}
		{1A221B54-99A0-452B-9D45-C6C657595457} = {A17F524B-0378-4D9F-9855-4736A8ED88B3}
		{1C7AA27B-71D7-45AC-A876-CAF02CF6F40D} = {FA57C847-DAF0-498A-AE1B-8E18E0FDD9FE}
		{E363ABD3-DCA1-4994-A538-9B50524EFD4A} = {FA57C847-DAF0-498A-AE1B-8E18E0FDD9FE}
		{EE69B241-8DD3-4307-A086-AEDC71091066} = {FA57C847-DAF0-498A-AE1B-8E18E0FDD9FE}
		{11B8D59C-8691-4CEC-BD4B-B964E0205EE9} = {FA57C847-DAF0-498A-AE1B-8E18E0FDD9FE}
		{22E52C20-A6F4-4B0E-AA68-410BC0231492} = {FA57C847-DAF0-498A-AE1B-8E18E0FDD9FE}
		{7C90A9A2-B578-4F60-967A-7F8BBC574CD2} = {0F7CEC04-6427-4479-8722-56F01C5D7E61}
		{B2D208DA-0791-4AD4-A357-72D343B36A30} = {0F7CEC04-6427-4479-8722-56F01C5D7E61}
		{F42709BF-1FB3-4121-9C4D-841E7D341DF9} = {0F7CEC04-6427-4479-8722-56F01C5D7E61}
		{2DBE808C-A559-4F50-8BD5-37176783ED1D} = {0F7CEC04-6427-4479-8722-56F01C5D7E61}
		{8EE52E37-211E-407B-9F47-2670914818B6} = {0F7CEC04-6427-4479-8722-56F01C5D7E61}
	EndGlobalSection
	GlobalSection(ExtensibilityGlobals) = postSolution
		SolutionGuid = {2BADC9A8-C7FB-4209-8BB5-2B79BAAC0089}
	EndGlobalSection
EndGlobal
